{
  "version": 4,
  "terraform_version": "1.1.4",
  "serial": 555,
  "lineage": "06bca0b5-64f1-61df-c883-209d7c194ffb",
  "outputs": {
    "public_ip_address": {
      "value": "13.67.179.200",
      "type": "string"
    }
  },
  "resources": [
    {
      "mode": "data",
      "type": "azurerm_public_ip",
      "name": "terraform_azure_public_id",
      "provider": "provider[\"registry.terraform.io/hashicorp/azurerm\"]",
      "instances": [
        {
          "schema_version": 0,
          "attributes": {
            "allocation_method": "Static",
            "domain_name_label": "",
            "fqdn": "",
            "id": "/subscriptions/b7c745bf-b096-4f64-abd9-fe5377dd6ccb/resourceGroups/myResourceGroup/providers/Microsoft.Network/publicIPAddresses/myPublicIP",
            "idle_timeout_in_minutes": 4,
            "ip_address": "13.67.179.200",
            "ip_tags": {},
            "ip_version": "IPv4",
            "location": "centralus",
            "name": "myPublicIP",
            "resource_group_name": "myResourceGroup",
            "reverse_fqdn": "",
            "sku": "Basic",
            "tags": {
              "environment": "Data Engineering Project"
            },
            "timeouts": null,
            "zones": []
          },
          "sensitive_attributes": []
        }
      ]
    },
    {
      "mode": "managed",
      "type": "azurerm_linux_virtual_machine",
      "name": "myterraformvm",
      "provider": "provider[\"registry.terraform.io/hashicorp/azurerm\"]",
      "instances": [
        {
          "schema_version": 0,
          "attributes": {
            "additional_capabilities": [],
            "admin_password": null,
            "admin_ssh_key": [
              {
                "public_key": "ssh-rsa AAAAB3NzaC1yc2EAAAADAQABAAACAQCSStAQ2JSqbfX1V12aTXKXucg1ROT5QkVwOretCId/erG0jCyYbr75Ut7x28X1RCkJJsH8xM6kQwB+H9qK4YBmzcDfkyebFgKJy79klgVvWxrVYRpSjZTnvXPNfbHVAGjRIPklaREGu8KUbCH3gwGC9DGKFB7j0iXFAR/DCUSVcaXI0akAxT+v8J/F2UhJu6VUIzqTLBZ1JcNL+wd7xJQZsBVlIpKHMR/L6CssP9QcYMPuC5AGODuHhggXFyyl6jJZL3017Bgvr71Kg8P/cBq8PtN91+OZB92n91afrnUqQnXuzXT9HGH9jjdT+MDHEVWoTGYu/+KlY5lDpkRjx5p7JKeVqv8P/sUtDOQT8TKLkV5J7hezfwgaBglPJ3bWmBml3dpj+Nnf+qSNWTGZs8YdGeu5rG+NxtM0kMEtRqZaYz2nGbzdQ9fWBSvdmUftBfCkdL71+UP2h1sAIV6YvoOqvnjLABDYtgamhvB6/91Uv+vvNRqubC0aExO34+JOvLO+vKt3dWep0ACnqAx55Vf53YntWUqXBOoAEtAaM9OKSngQ6JmZztvzmXPk9DL7EY6zEgm4eeIbNuUY/bYpVuSp3rLbjnDUdMBADzqSg3g1ptxW086UZhggRfeojm20qWX9mSDXgRKJd1vlgzfiz9CBxRTS0SqgXdz02kcLOkByUQ==\n",
                "username": "azureuser"
              }
            ],
            "admin_username": "azureuser",
            "allow_extension_operations": true,
            "availability_set_id": "",
            "boot_diagnostics": [
              {
                "storage_account_uri": "https://diage9375c617c327cb4.blob.core.windows.net/"
              }
            ],
            "computer_name": "myvm",
            "custom_data": null,
            "dedicated_host_group_id": "",
            "dedicated_host_id": "",
            "disable_password_authentication": true,
            "encryption_at_host_enabled": false,
            "eviction_policy": "",
            "extensions_time_budget": "PT1H30M",
            "id": "/subscriptions/b7c745bf-b096-4f64-abd9-fe5377dd6ccb/resourceGroups/myResourceGroup/providers/Microsoft.Compute/virtualMachines/data-engineering-project",
            "identity": [],
            "license_type": "",
            "location": "centralus",
            "max_bid_price": -1,
            "name": "data-engineering-project",
            "network_interface_ids": [
              "/subscriptions/b7c745bf-b096-4f64-abd9-fe5377dd6ccb/resourceGroups/myResourceGroup/providers/Microsoft.Network/networkInterfaces/myNIC"
            ],
            "os_disk": [
              {
                "caching": "ReadWrite",
                "diff_disk_settings": [],
                "disk_encryption_set_id": "",
                "disk_size_gb": 30,
                "name": "myOsDisk",
                "storage_account_type": "Premium_LRS",
                "write_accelerator_enabled": false
              }
            ],
            "patch_mode": "ImageDefault",
            "plan": [],
            "platform_fault_domain": -1,
            "priority": "Regular",
            "private_ip_address": "10.0.1.4",
            "private_ip_addresses": [
              "10.0.1.4"
            ],
            "provision_vm_agent": true,
            "proximity_placement_group_id": "",
            "public_ip_address": "13.67.179.200",
            "public_ip_addresses": [
              "13.67.179.200"
            ],
            "resource_group_name": "myResourceGroup",
            "secret": [],
            "secure_boot_enabled": false,
            "size": "Standard_DS2",
            "source_image_id": "",
            "source_image_reference": [
              {
                "offer": "UbuntuServer",
                "publisher": "Canonical",
                "sku": "18.04-LTS",
                "version": "latest"
              }
            ],
            "tags": {
              "environment": "Data Engineering Project"
            },
            "timeouts": null,
            "user_data": "",
            "virtual_machine_id": "1cb34a5b-631e-4d44-9fdc-fde7bb4a1dcc",
            "virtual_machine_scale_set_id": "",
            "vtpm_enabled": false,
            "zone": ""
          },
          "sensitive_attributes": [],
          "private": "eyJlMmJmYjczMC1lY2FhLTExZTYtOGY4OC0zNDM2M2JjN2M0YzAiOnsiY3JlYXRlIjoyNzAwMDAwMDAwMDAwLCJkZWxldGUiOjI3MDAwMDAwMDAwMDAsInJlYWQiOjMwMDAwMDAwMDAwMCwidXBkYXRlIjoyNzAwMDAwMDAwMDAwfX0=",
          "dependencies": [
            "azurerm_network_interface.myterraformnic",
            "azurerm_public_ip.myterraformpublicip",
            "azurerm_resource_group.myterraformgroup",
            "azurerm_storage_account.mystorageaccount",
            "azurerm_subnet.myterraformsubnet",
            "azurerm_virtual_network.myterraformnetwork",
            "random_id.randomId",
            "tls_private_key.linux_key"
          ]
        }
      ]
    },
    {
      "mode": "managed",
      "type": "azurerm_network_interface",
      "name": "myterraformnic",
      "provider": "provider[\"registry.terraform.io/hashicorp/azurerm\"]",
      "instances": [
        {
          "schema_version": 0,
          "attributes": {
            "applied_dns_servers": [],
            "dns_servers": [],
            "enable_accelerated_networking": false,
            "enable_ip_forwarding": false,
            "id": "/subscriptions/b7c745bf-b096-4f64-abd9-fe5377dd6ccb/resourceGroups/myResourceGroup/providers/Microsoft.Network/networkInterfaces/myNIC",
            "internal_dns_name_label": "",
            "internal_domain_name_suffix": "radrildxt3perb32hes22jhemh.gx.internal.cloudapp.net",
            "ip_configuration": [
              {
                "gateway_load_balancer_frontend_ip_configuration_id": "",
                "name": "myNicConfiguration",
                "primary": true,
                "private_ip_address": "10.0.1.4",
                "private_ip_address_allocation": "Dynamic",
                "private_ip_address_version": "IPv4",
                "public_ip_address_id": "/subscriptions/b7c745bf-b096-4f64-abd9-fe5377dd6ccb/resourceGroups/myResourceGroup/providers/Microsoft.Network/publicIPAddresses/myPublicIP",
                "subnet_id": "/subscriptions/b7c745bf-b096-4f64-abd9-fe5377dd6ccb/resourceGroups/myResourceGroup/providers/Microsoft.Network/virtualNetworks/myVnet/subnets/mySubnet"
              }
            ],
            "location": "centralus",
            "mac_address": "",
            "name": "myNIC",
            "private_ip_address": "10.0.1.4",
            "private_ip_addresses": [
              "10.0.1.4"
            ],
            "resource_group_name": "myResourceGroup",
            "tags": {
              "environment": "Data Engineering Project"
            },
            "timeouts": null,
            "virtual_machine_id": ""
          },
          "sensitive_attributes": [],
          "private": "eyJlMmJmYjczMC1lY2FhLTExZTYtOGY4OC0zNDM2M2JjN2M0YzAiOnsiY3JlYXRlIjoxODAwMDAwMDAwMDAwLCJkZWxldGUiOjE4MDAwMDAwMDAwMDAsInJlYWQiOjMwMDAwMDAwMDAwMCwidXBkYXRlIjoxODAwMDAwMDAwMDAwfX0=",
          "dependencies": [
            "azurerm_public_ip.myterraformpublicip",
            "azurerm_resource_group.myterraformgroup",
            "azurerm_subnet.myterraformsubnet",
            "azurerm_virtual_network.myterraformnetwork"
          ]
        }
      ]
    },
    {
      "mode": "managed",
      "type": "azurerm_network_interface_security_group_association",
      "name": "example",
      "provider": "provider[\"registry.terraform.io/hashicorp/azurerm\"]",
      "instances": [
        {
          "schema_version": 0,
          "attributes": {
            "id": "/subscriptions/b7c745bf-b096-4f64-abd9-fe5377dd6ccb/resourceGroups/myResourceGroup/providers/Microsoft.Network/networkInterfaces/myNIC|/subscriptions/b7c745bf-b096-4f64-abd9-fe5377dd6ccb/resourceGroups/myResourceGroup/providers/Microsoft.Network/networkSecurityGroups/myNetworkSecurityGroup",
            "network_interface_id": "/subscriptions/b7c745bf-b096-4f64-abd9-fe5377dd6ccb/resourceGroups/myResourceGroup/providers/Microsoft.Network/networkInterfaces/myNIC",
            "network_security_group_id": "/subscriptions/b7c745bf-b096-4f64-abd9-fe5377dd6ccb/resourceGroups/myResourceGroup/providers/Microsoft.Network/networkSecurityGroups/myNetworkSecurityGroup",
            "timeouts": null
          },
          "sensitive_attributes": [],
          "private": "eyJlMmJmYjczMC1lY2FhLTExZTYtOGY4OC0zNDM2M2JjN2M0YzAiOnsiY3JlYXRlIjoxODAwMDAwMDAwMDAwLCJkZWxldGUiOjE4MDAwMDAwMDAwMDAsInJlYWQiOjMwMDAwMDAwMDAwMCwidXBkYXRlIjoxODAwMDAwMDAwMDAwfX0=",
          "dependencies": [
            "azurerm_network_interface.myterraformnic",
            "azurerm_network_security_group.myterraformnsg",
            "azurerm_public_ip.myterraformpublicip",
            "azurerm_resource_group.myterraformgroup",
            "azurerm_subnet.myterraformsubnet",
            "azurerm_virtual_network.myterraformnetwork"
          ]
        }
      ]
    },
    {
      "mode": "managed",
      "type": "azurerm_network_security_group",
      "name": "myterraformnsg",
      "provider": "provider[\"registry.terraform.io/hashicorp/azurerm\"]",
      "instances": [
        {
          "schema_version": 0,
          "attributes": {
            "id": "/subscriptions/b7c745bf-b096-4f64-abd9-fe5377dd6ccb/resourceGroups/myResourceGroup/providers/Microsoft.Network/networkSecurityGroups/myNetworkSecurityGroup",
            "location": "centralus",
            "name": "myNetworkSecurityGroup",
            "resource_group_name": "myResourceGroup",
            "security_rule": [
              {
                "access": "Allow",
                "description": "",
                "destination_address_prefix": "*",
                "destination_address_prefixes": [],
                "destination_application_security_group_ids": [],
                "destination_port_range": "22",
                "destination_port_ranges": [],
                "direction": "Inbound",
                "name": "SSH",
                "priority": 1001,
                "protocol": "Tcp",
                "source_address_prefix": "*",
                "source_address_prefixes": [],
                "source_application_security_group_ids": [],
                "source_port_range": "*",
                "source_port_ranges": []
              }
            ],
            "tags": {
              "environment": "Data Engineering Project"
            },
            "timeouts": null
          },
          "sensitive_attributes": [],
          "private": "eyJlMmJmYjczMC1lY2FhLTExZTYtOGY4OC0zNDM2M2JjN2M0YzAiOnsiY3JlYXRlIjoxODAwMDAwMDAwMDAwLCJkZWxldGUiOjE4MDAwMDAwMDAwMDAsInJlYWQiOjMwMDAwMDAwMDAwMCwidXBkYXRlIjoxODAwMDAwMDAwMDAwfX0=",
          "dependencies": [
            "azurerm_resource_group.myterraformgroup"
          ]
        }
      ]
    },
    {
      "mode": "managed",
      "type": "azurerm_public_ip",
      "name": "myterraformpublicip",
      "provider": "provider[\"registry.terraform.io/hashicorp/azurerm\"]",
      "instances": [
        {
          "schema_version": 0,
          "attributes": {
            "allocation_method": "Static",
            "availability_zone": "No-Zone",
            "domain_name_label": null,
            "fqdn": null,
            "id": "/subscriptions/b7c745bf-b096-4f64-abd9-fe5377dd6ccb/resourceGroups/myResourceGroup/providers/Microsoft.Network/publicIPAddresses/myPublicIP",
            "idle_timeout_in_minutes": 4,
            "ip_address": "13.67.179.200",
            "ip_tags": null,
            "ip_version": "IPv4",
            "location": "centralus",
            "name": "myPublicIP",
            "public_ip_prefix_id": null,
            "resource_group_name": "myResourceGroup",
            "reverse_fqdn": null,
            "sku": "Basic",
            "sku_tier": "Regional",
            "tags": {
              "environment": "Data Engineering Project"
            },
            "timeouts": null,
            "zones": []
          },
          "sensitive_attributes": [],
          "private": "eyJlMmJmYjczMC1lY2FhLTExZTYtOGY4OC0zNDM2M2JjN2M0YzAiOnsiY3JlYXRlIjoxODAwMDAwMDAwMDAwLCJkZWxldGUiOjE4MDAwMDAwMDAwMDAsInJlYWQiOjMwMDAwMDAwMDAwMCwidXBkYXRlIjoxODAwMDAwMDAwMDAwfX0=",
          "dependencies": [
            "azurerm_resource_group.myterraformgroup"
          ]
        }
      ]
    },
    {
      "mode": "managed",
      "type": "azurerm_resource_group",
      "name": "myterraformgroup",
      "provider": "provider[\"registry.terraform.io/hashicorp/azurerm\"]",
      "instances": [
        {
          "schema_version": 0,
          "attributes": {
            "id": "/subscriptions/b7c745bf-b096-4f64-abd9-fe5377dd6ccb/resourceGroups/myResourceGroup",
            "location": "centralus",
            "name": "myResourceGroup",
            "tags": {
              "environment": "Data Engineering Project"
            },
            "timeouts": null
          },
          "sensitive_attributes": [],
          "private": "eyJlMmJmYjczMC1lY2FhLTExZTYtOGY4OC0zNDM2M2JjN2M0YzAiOnsiY3JlYXRlIjo1NDAwMDAwMDAwMDAwLCJkZWxldGUiOjU0MDAwMDAwMDAwMDAsInJlYWQiOjMwMDAwMDAwMDAwMCwidXBkYXRlIjo1NDAwMDAwMDAwMDAwfX0="
        }
      ]
    },
    {
      "mode": "managed",
      "type": "azurerm_storage_account",
      "name": "mystorageaccount",
      "provider": "provider[\"registry.terraform.io/hashicorp/azurerm\"]",
      "instances": [
        {
          "schema_version": 2,
          "attributes": {
            "access_tier": "Hot",
            "account_kind": "StorageV2",
            "account_replication_type": "LRS",
            "account_tier": "Standard",
            "allow_blob_public_access": false,
            "azure_files_authentication": [],
            "blob_properties": [
              {
                "change_feed_enabled": false,
                "container_delete_retention_policy": [],
                "cors_rule": [],
                "default_service_version": "",
                "delete_retention_policy": [],
                "last_access_time_enabled": false,
                "versioning_enabled": false
              }
            ],
            "custom_domain": [],
            "customer_managed_key": [],
            "enable_https_traffic_only": true,
            "id": "/subscriptions/b7c745bf-b096-4f64-abd9-fe5377dd6ccb/resourceGroups/myResourceGroup/providers/Microsoft.Storage/storageAccounts/diage9375c617c327cb4",
            "identity": [],
            "infrastructure_encryption_enabled": false,
            "is_hns_enabled": true,
            "large_file_share_enabled": null,
            "location": "centralus",
            "min_tls_version": "TLS1_0",
            "name": "diage9375c617c327cb4",
            "network_rules": [
              {
                "bypass": [
                  "AzureServices"
                ],
                "default_action": "Allow",
                "ip_rules": [],
                "private_link_access": [],
                "virtual_network_subnet_ids": []
              }
            ],
            "nfsv3_enabled": false,
            "primary_access_key": "ItA2plk6AakchsSfdzG4tPHZ7KQblRnFruqqb8rJo4FhLdcc+42LtkLkGKswjQy7NRtgtLZkp2CGI2bIwEzWjg==",
            "primary_blob_connection_string": "DefaultEndpointsProtocol=https;BlobEndpoint=https://diage9375c617c327cb4.blob.core.windows.net/;AccountName=diage9375c617c327cb4;AccountKey=ItA2plk6AakchsSfdzG4tPHZ7KQblRnFruqqb8rJo4FhLdcc+42LtkLkGKswjQy7NRtgtLZkp2CGI2bIwEzWjg==",
            "primary_blob_endpoint": "https://diage9375c617c327cb4.blob.core.windows.net/",
            "primary_blob_host": "diage9375c617c327cb4.blob.core.windows.net",
            "primary_connection_string": "DefaultEndpointsProtocol=https;AccountName=diage9375c617c327cb4;AccountKey=ItA2plk6AakchsSfdzG4tPHZ7KQblRnFruqqb8rJo4FhLdcc+42LtkLkGKswjQy7NRtgtLZkp2CGI2bIwEzWjg==;EndpointSuffix=core.windows.net",
            "primary_dfs_endpoint": "https://diage9375c617c327cb4.dfs.core.windows.net/",
            "primary_dfs_host": "diage9375c617c327cb4.dfs.core.windows.net",
            "primary_file_endpoint": "https://diage9375c617c327cb4.file.core.windows.net/",
            "primary_file_host": "diage9375c617c327cb4.file.core.windows.net",
            "primary_location": "centralus",
            "primary_queue_endpoint": "https://diage9375c617c327cb4.queue.core.windows.net/",
            "primary_queue_host": "diage9375c617c327cb4.queue.core.windows.net",
            "primary_table_endpoint": "https://diage9375c617c327cb4.table.core.windows.net/",
            "primary_table_host": "diage9375c617c327cb4.table.core.windows.net",
            "primary_web_endpoint": "https://diage9375c617c327cb4.z19.web.core.windows.net/",
            "primary_web_host": "diage9375c617c327cb4.z19.web.core.windows.net",
            "queue_encryption_key_type": "Service",
            "queue_properties": [
              {
                "cors_rule": [],
                "hour_metrics": [
                  {
                    "enabled": true,
                    "include_apis": true,
                    "retention_policy_days": 7,
                    "version": "1.0"
                  }
                ],
                "logging": [
                  {
                    "delete": false,
                    "read": false,
                    "retention_policy_days": 0,
                    "version": "1.0",
                    "write": false
                  }
                ],
                "minute_metrics": [
                  {
                    "enabled": false,
                    "include_apis": false,
                    "retention_policy_days": 0,
                    "version": "1.0"
                  }
                ]
              }
            ],
            "resource_group_name": "myResourceGroup",
            "routing": [],
            "secondary_access_key": "LbHAKhr4d/hkUZFScM1YPuKj3nLeQYFL2myN0KWSZwoJW1D6H46sPoOlNH4QvQEjdpWYjKQ+X2Tb8Num5A/HZQ==",
            "secondary_blob_connection_string": "",
            "secondary_blob_endpoint": null,
            "secondary_blob_host": null,
            "secondary_connection_string": "DefaultEndpointsProtocol=https;AccountName=diage9375c617c327cb4;AccountKey=LbHAKhr4d/hkUZFScM1YPuKj3nLeQYFL2myN0KWSZwoJW1D6H46sPoOlNH4QvQEjdpWYjKQ+X2Tb8Num5A/HZQ==;EndpointSuffix=core.windows.net",
            "secondary_dfs_endpoint": null,
            "secondary_dfs_host": null,
            "secondary_file_endpoint": null,
            "secondary_file_host": null,
            "secondary_location": "",
            "secondary_queue_endpoint": null,
            "secondary_queue_host": null,
            "secondary_table_endpoint": null,
            "secondary_table_host": null,
            "secondary_web_endpoint": null,
            "secondary_web_host": null,
            "share_properties": [
              {
                "cors_rule": [],
                "retention_policy": [
                  {
                    "days": 7
                  }
                ],
                "smb": []
              }
            ],
            "shared_access_key_enabled": true,
            "static_website": [],
            "table_encryption_key_type": "Service",
            "tags": {
              "environment": "Data Engineering Project"
            },
            "timeouts": null
          },
          "sensitive_attributes": [],
          "private": "eyJlMmJmYjczMC1lY2FhLTExZTYtOGY4OC0zNDM2M2JjN2M0YzAiOnsiY3JlYXRlIjozNjAwMDAwMDAwMDAwLCJkZWxldGUiOjM2MDAwMDAwMDAwMDAsInJlYWQiOjMwMDAwMDAwMDAwMCwidXBkYXRlIjozNjAwMDAwMDAwMDAwfSwic2NoZW1hX3ZlcnNpb24iOiIyIn0=",
          "dependencies": [
            "azurerm_resource_group.myterraformgroup",
            "random_id.randomId"
          ]
        }
      ]
    },
    {
      "mode": "managed",
      "type": "azurerm_storage_share",
      "name": "sharedstorage",
      "provider": "provider[\"registry.terraform.io/hashicorp/azurerm\"]",
      "instances": [
        {
          "schema_version": 2,
          "attributes": {
            "acl": [
              {
                "access_policy": [
                  {
                    "expiry": "2019-07-02T10:38:21.0000000Z",
                    "permissions": "rwdl",
                    "start": "2019-07-02T09:38:21.0000000Z"
                  }
                ],
                "id": "MTIzNDU2Nzg5MDEyMzQ1Njc4OTAxMjM0NTY3ODkwMTI"
              }
            ],
            "enabled_protocol": "SMB",
            "id": "https://diage9375c617c327cb4.file.core.windows.net/sharedstorage",
            "metadata": {},
            "name": "sharedstorage",
            "quota": 50,
            "resource_manager_id": "/subscriptions/b7c745bf-b096-4f64-abd9-fe5377dd6ccb/resourceGroups/myResourceGroup/providers/Microsoft.Storage/storageAccounts/diage9375c617c327cb4/fileServices/default/fileshares/sharedstorage",
            "storage_account_name": "diage9375c617c327cb4",
            "timeouts": null,
            "url": "https://diage9375c617c327cb4.file.core.windows.net/sharedstorage"
          },
          "sensitive_attributes": [],
          "private": "eyJlMmJmYjczMC1lY2FhLTExZTYtOGY4OC0zNDM2M2JjN2M0YzAiOnsiY3JlYXRlIjoxODAwMDAwMDAwMDAwLCJkZWxldGUiOjE4MDAwMDAwMDAwMDAsInJlYWQiOjMwMDAwMDAwMDAwMCwidXBkYXRlIjoxODAwMDAwMDAwMDAwfSwic2NoZW1hX3ZlcnNpb24iOiIyIn0=",
          "dependencies": [
            "azurerm_resource_group.myterraformgroup",
            "azurerm_storage_account.mystorageaccount",
            "random_id.randomId"
          ]
        }
      ]
    },
    {
      "mode": "managed",
      "type": "azurerm_storage_share_file",
      "name": "airflow-env",
      "provider": "provider[\"registry.terraform.io/hashicorp/azurerm\"]",
      "instances": [
        {
          "schema_version": 0,
          "attributes": {
            "content_disposition": "",
            "content_encoding": "",
            "content_length": 703,
            "content_md5": "",
            "content_type": "application/octet-stream",
            "id": "https://diage9375c617c327cb4.file.core.windows.net/sharedstorage//airflow.env",
            "metadata": null,
            "name": "airflow.env",
            "path": "",
            "source": "D:/data-engineering-project/airflow/airflow.env",
            "storage_share_id": "https://diage9375c617c327cb4.file.core.windows.net/sharedstorage",
            "timeouts": null
          },
          "sensitive_attributes": [],
          "private": "eyJlMmJmYjczMC1lY2FhLTExZTYtOGY4OC0zNDM2M2JjN2M0YzAiOnsiY3JlYXRlIjoxODAwMDAwMDAwMDAwLCJkZWxldGUiOjE4MDAwMDAwMDAwMDAsInJlYWQiOjMwMDAwMDAwMDAwMCwidXBkYXRlIjoxODAwMDAwMDAwMDAwfX0=",
          "dependencies": [
            "azurerm_resource_group.myterraformgroup",
            "azurerm_storage_account.mystorageaccount",
            "azurerm_storage_share.sharedstorage",
            "random_id.randomId"
          ]
        }
      ]
    },
    {
      "mode": "managed",
      "type": "azurerm_storage_share_file",
      "name": "docker-compose",
      "provider": "provider[\"registry.terraform.io/hashicorp/azurerm\"]",
      "instances": [
        {
          "schema_version": 0,
          "attributes": {
            "content_disposition": "",
            "content_encoding": "",
            "content_length": 1435,
            "content_md5": "",
            "content_type": "application/octet-stream",
            "id": "https://diage9375c617c327cb4.file.core.windows.net/sharedstorage//docker-compose.yml",
            "metadata": null,
            "name": "docker-compose.yml",
            "path": "",
            "source": "D:/data-engineering-project/airflow/docker-compose.yml",
            "storage_share_id": "https://diage9375c617c327cb4.file.core.windows.net/sharedstorage",
            "timeouts": null
          },
          "sensitive_attributes": [],
          "private": "eyJlMmJmYjczMC1lY2FhLTExZTYtOGY4OC0zNDM2M2JjN2M0YzAiOnsiY3JlYXRlIjoxODAwMDAwMDAwMDAwLCJkZWxldGUiOjE4MDAwMDAwMDAwMDAsInJlYWQiOjMwMDAwMDAwMDAwMCwidXBkYXRlIjoxODAwMDAwMDAwMDAwfX0=",
          "dependencies": [
            "azurerm_resource_group.myterraformgroup",
            "azurerm_storage_account.mystorageaccount",
            "azurerm_storage_share.sharedstorage",
            "random_id.randomId"
          ]
        }
      ]
    },
    {
      "mode": "managed",
      "type": "azurerm_storage_share_file",
      "name": "dockerfile",
      "provider": "provider[\"registry.terraform.io/hashicorp/azurerm\"]",
      "instances": [
        {
          "schema_version": 0,
          "attributes": {
            "content_disposition": "",
            "content_encoding": "",
            "content_length": 361,
            "content_md5": "",
            "content_type": "application/octet-stream",
            "id": "https://diage9375c617c327cb4.file.core.windows.net/sharedstorage//Dockerfile",
            "metadata": null,
            "name": "Dockerfile",
            "path": "",
            "source": "D:/data-engineering-project/airflow/Dockerfile",
            "storage_share_id": "https://diage9375c617c327cb4.file.core.windows.net/sharedstorage",
            "timeouts": null
          },
          "sensitive_attributes": [],
          "private": "eyJlMmJmYjczMC1lY2FhLTExZTYtOGY4OC0zNDM2M2JjN2M0YzAiOnsiY3JlYXRlIjoxODAwMDAwMDAwMDAwLCJkZWxldGUiOjE4MDAwMDAwMDAwMDAsInJlYWQiOjMwMDAwMDAwMDAwMCwidXBkYXRlIjoxODAwMDAwMDAwMDAwfX0=",
          "dependencies": [
            "azurerm_resource_group.myterraformgroup",
            "azurerm_storage_account.mystorageaccount",
            "azurerm_storage_share.sharedstorage",
            "random_id.randomId"
          ]
        }
      ]
    },
    {
      "mode": "managed",
      "type": "azurerm_storage_share_file",
      "name": "entrypoint",
      "provider": "provider[\"registry.terraform.io/hashicorp/azurerm\"]",
      "instances": [
        {
          "schema_version": 0,
          "attributes": {
            "content_disposition": "",
            "content_encoding": "",
            "content_length": 205,
            "content_md5": "",
            "content_type": "application/octet-stream",
            "id": "https://diage9375c617c327cb4.file.core.windows.net/sharedstorage//entrypoint.sh",
            "metadata": null,
            "name": "entrypoint.sh",
            "path": "",
            "source": "D:/data-engineering-project/airflow/scripts/entrypoint.sh",
            "storage_share_id": "https://diage9375c617c327cb4.file.core.windows.net/sharedstorage",
            "timeouts": null
          },
          "sensitive_attributes": [],
          "private": "eyJlMmJmYjczMC1lY2FhLTExZTYtOGY4OC0zNDM2M2JjN2M0YzAiOnsiY3JlYXRlIjoxODAwMDAwMDAwMDAwLCJkZWxldGUiOjE4MDAwMDAwMDAwMDAsInJlYWQiOjMwMDAwMDAwMDAwMCwidXBkYXRlIjoxODAwMDAwMDAwMDAwfX0=",
          "dependencies": [
            "azurerm_resource_group.myterraformgroup",
            "azurerm_storage_account.mystorageaccount",
            "azurerm_storage_share.sharedstorage",
            "random_id.randomId"
          ]
        }
      ]
    },
    {
      "mode": "managed",
      "type": "azurerm_storage_share_file",
      "name": "setup",
      "provider": "provider[\"registry.terraform.io/hashicorp/azurerm\"]",
      "instances": [
        {
          "schema_version": 0,
          "attributes": {
            "content_disposition": "",
            "content_encoding": "",
            "content_length": 868,
            "content_md5": "",
            "content_type": "application/octet-stream",
            "id": "https://diage9375c617c327cb4.file.core.windows.net/sharedstorage//setup.sh",
            "metadata": null,
            "name": "setup.sh",
            "path": "",
            "source": "D:/data-engineering-project/scripts/setup.sh",
            "storage_share_id": "https://diage9375c617c327cb4.file.core.windows.net/sharedstorage",
            "timeouts": null
          },
          "sensitive_attributes": [],
          "private": "eyJlMmJmYjczMC1lY2FhLTExZTYtOGY4OC0zNDM2M2JjN2M0YzAiOnsiY3JlYXRlIjoxODAwMDAwMDAwMDAwLCJkZWxldGUiOjE4MDAwMDAwMDAwMDAsInJlYWQiOjMwMDAwMDAwMDAwMCwidXBkYXRlIjoxODAwMDAwMDAwMDAwfX0=",
          "dependencies": [
            "azurerm_resource_group.myterraformgroup",
            "azurerm_storage_account.mystorageaccount",
            "azurerm_storage_share.sharedstorage",
            "random_id.randomId"
          ]
        }
      ]
    },
    {
      "mode": "managed",
      "type": "azurerm_subnet",
      "name": "myterraformsubnet",
      "provider": "provider[\"registry.terraform.io/hashicorp/azurerm\"]",
      "instances": [
        {
          "schema_version": 0,
          "attributes": {
            "address_prefix": "10.0.1.0/24",
            "address_prefixes": [
              "10.0.1.0/24"
            ],
            "delegation": [],
            "enforce_private_link_endpoint_network_policies": false,
            "enforce_private_link_service_network_policies": false,
            "id": "/subscriptions/b7c745bf-b096-4f64-abd9-fe5377dd6ccb/resourceGroups/myResourceGroup/providers/Microsoft.Network/virtualNetworks/myVnet/subnets/mySubnet",
            "name": "mySubnet",
            "resource_group_name": "myResourceGroup",
            "service_endpoint_policy_ids": null,
            "service_endpoints": null,
            "timeouts": null,
            "virtual_network_name": "myVnet"
          },
          "sensitive_attributes": [],
          "private": "eyJlMmJmYjczMC1lY2FhLTExZTYtOGY4OC0zNDM2M2JjN2M0YzAiOnsiY3JlYXRlIjoxODAwMDAwMDAwMDAwLCJkZWxldGUiOjE4MDAwMDAwMDAwMDAsInJlYWQiOjMwMDAwMDAwMDAwMCwidXBkYXRlIjoxODAwMDAwMDAwMDAwfX0=",
          "dependencies": [
            "azurerm_resource_group.myterraformgroup",
            "azurerm_virtual_network.myterraformnetwork"
          ]
        }
      ]
    },
    {
      "mode": "managed",
      "type": "azurerm_virtual_network",
      "name": "myterraformnetwork",
      "provider": "provider[\"registry.terraform.io/hashicorp/azurerm\"]",
      "instances": [
        {
          "schema_version": 0,
          "attributes": {
            "address_space": [
              "10.0.0.0/16"
            ],
            "bgp_community": "",
            "ddos_protection_plan": [],
            "dns_servers": [],
            "flow_timeout_in_minutes": 0,
            "guid": "2c140788-9f77-485e-87bc-3925ce24e467",
            "id": "/subscriptions/b7c745bf-b096-4f64-abd9-fe5377dd6ccb/resourceGroups/myResourceGroup/providers/Microsoft.Network/virtualNetworks/myVnet",
            "location": "centralus",
            "name": "myVnet",
            "resource_group_name": "myResourceGroup",
            "subnet": [],
            "tags": {
              "environment": "Data Engineering Project"
            },
            "timeouts": null,
            "vm_protection_enabled": false
          },
          "sensitive_attributes": [],
          "private": "eyJlMmJmYjczMC1lY2FhLTExZTYtOGY4OC0zNDM2M2JjN2M0YzAiOnsiY3JlYXRlIjoxODAwMDAwMDAwMDAwLCJkZWxldGUiOjE4MDAwMDAwMDAwMDAsInJlYWQiOjMwMDAwMDAwMDAwMCwidXBkYXRlIjoxODAwMDAwMDAwMDAwfX0=",
          "dependencies": [
            "azurerm_resource_group.myterraformgroup"
          ]
        }
      ]
    },
    {
      "mode": "managed",
      "type": "local_file",
      "name": "linuxkey",
      "provider": "provider[\"registry.terraform.io/hashicorp/local\"]",
      "instances": [
        {
          "schema_version": 0,
          "attributes": {
            "content": "-----BEGIN RSA PRIVATE KEY-----\nMIIJKAIBAAKCAgEAkkrQENiUqm319Vddmk1yl7nINUTk+UJFcDq3rQiHf3qxtIws\nmG6++VLe8dvF9UQpCSbB/MTOpEMAfh/aiuGAZs3A35MnmxYCicu/ZJYFb1sa1WEa\nUo2U571zzX2x1QBo0SD5JWkRBrvClGwh94MBgvQxihQe49IlxQEfwwlElXGlyNGp\nAMU/r/CfxdlISbulVCM6kywWdSXDS/sHe8SUGbAVZSKShzEfy+grLD/UHGDD7guQ\nBjg7h4YIFxcspeoyWS99NewYL6+9SoPD/3AavD7TfdfjmQfdp/dWn651KkJ17s10\n/Rxh/Y43U/jAxxFVqExmLv/ipWOZQ6ZEY8eaeySnlar/D/7FLQzkE/Eyi5FeSe4X\ns38IGgYJTyd21pgZpd3aY/jZ3/qkjVkxmbPGHRnruaxvjcbTNJDBLUamWmM9pxm8\n3UPX1gUr3ZlH7QXwpHS+9flD9odbACFemL6Dqr54ywAQ2LYGpobwev/dVL/r7zUa\nrmwtGhMTt+PiTryzvryrd3VnqdAAp6gMeeVX+d2J7VlKlwTqABLQGjPTikp4EOiZ\nmc7b85lz5PQy+xGOsxIJuHniGzblGP22KVbkqd6y245w1HTAQA86koN4NabcVtPO\nlGYYIEX3qI5ttKll/Zkg14ESiXdb5YM34s/QgcUU0tEqoF3c9NpHCzpAclECAwEA\nAQKCAgAo9gWYEexeY/eQQGwW/kRtszkZoTazjBjBOc+gBVlbGlGTigQakjequ8ds\n1OpyqCkNROrgCYMKfzAuIGEirc0z+7xbXWqjg+AmEQR/93mCGnJC+LNUFgxxbpx0\nFxOp3jl7BM596RM5XW03/abtFKNhtVoBnWygwYCNzqjEBV5MscuHlRzK+G/CpY82\n6IXTD1VVX5/RAXEwT+iE577KqtoE70auUKXScLDEeTdNZnnPkFCL4HTtKOWSJrcx\nL+3ybsa2LhPS+04yW/SWXpqMdSknODgjbkVt3cP0ec6pW0G3GXDH8oMlM8NEKYPY\nYTgpBPOE8g9SbZdaU67gQDe58HOSRuuZG0455qCNaA4pIpDROmVCZhs0M4HuyQCn\nyOEWQBYRDXGQrOa1Jc5Ooc1P1xpV3V64KUF7zPErI6yGiaWMc4dfzlgJ5r6YgbX+\nwoq3q62fUVt021vHKglpIxKHUWrdNz1uY8wa762oqoSf3748GvC7bfUKrL0lLQAb\ny0U1bsYrqsaHQB65vuY6nsWxmEQuysxvMC65VYRvrfV8NRcs8rW4+GsNAz3bss9v\n8ZJwo/CgtKMp1zlun3jv3tbqYQvr5+xbgZ3sqloJYNH8+bMxwxEn47/1u1Y011a6\nYfEerQ514DVeeQWy0KDM7eJ/f53ZOiFqa/WqdA27chmFwioreQKCAQEAwm8BuHtO\nDQwp7ibQy7eUTNUyJ+7AD/4i4DFyDEWLxoIuvlSdI1M9DZ97018FSo+X+AmKiXoW\npImVfqCjDucCJd8CtfPjij6zvQR53didvGV27UzLPuDJOz0QLfolMQytkWQy5EJT\nyulqCs7RnDmrzXs2dWKZiEkv05uXaXezpHybCWwZSrxah0ARAhPrDeWgTYqo9lyz\n75vKCI8wsrebVpz7VPqzr0KR5UAQh9t2MeQn2Psi+SBrjPVfnDaUv06MDRKTzknt\nTPObsLPH3i415uBCDrGu2VOrZ7uyVm+r6OGoBopQim7BwfhceUD6WBfaimeqZiIb\nqTIYDhB5soNPvwKCAQEAwJ1qP8/w3QNezBmStmdMRJWjPJTJmU72dxLPN7I2Ejxn\nz9N7Wlj8/G3jyj0kYQkGxMtsNtR4d6BBcrpqfasdS73aTNoTcItG8NBbYcsTfOvC\npq9vvvt8dScSoEb7RKqK+N3wgztwIm91WLS6JzPGgbR2XFNuPDPMpFg5Uc4fRCN2\nY2O5QeJHQPCrj4+yjnx9yxqqv/u7rq99BFmaXdJiKUAtZyUPKb5IYzccl2OgIOk6\n/Lwgj4bfAC/2qBRH1aLTkvRpmJEtaJsQa99a5yKb6cv+KCOLaJt+eQMaAezkz9jd\nMcdm3uu2p+rkxVVyxpvuLx2022vCfAYi+S1yT/bB7wKCAQA5Xxv43Zl4TCCLPzTZ\nB8Bgs3/rPI27qleMI8rtSBAocP1t9/WuGL+pJ2gYRK+BAsHq1JXmXvoTbu2Hwcqb\neRqvJhDcs6xufHX4zjtPdL2Ge8IN310Rnq6CJlCB4I/c20rT3ecOZ2vmMd2ydrhv\nCq1hInw9QuzexAmyvPR+kG2XmZT9wMHtxYpI4mSiYlI3dYxJlSKqH0yQ5T1GLUpH\nUdoqQoP+3ULr8g6uwKqgC+fibNo9Mk1tiV1y6Gxf4dMeaAT3ToYCltnInRFRoJrX\nOnd5Oq8DOvbG9eNb5oyG6MinHP7Bf0qormnJ3Ikc1kmIePFpaZFkNahH0po6fC4M\nuKZtAoIBAQCs3tsUKImxoqu7HJybTryZtX9LCPKiwMbdeak3AKAc39AAK3tDTCjK\nWcoeoZ9744EKsNQPpcP1AYSb9olK/n+NkfhSD0txL99clHPfokZ8UJBjz4LIcqdx\n8b560RoEt9eAopiQ/5CVp1k3YwTL2GEp2hB8rnh6WbcqLPBM5mUTX4yKiV8krXRr\n6VTgxQRpc3vnBKkJI2J/1oqqk8zCteZZxXq6Xv1r5pbLTRRBHy4BO7IwUJwclNyi\nK2oB0iniqH+hHfGD95A8mSc02cKZPWuXevlBhx1ApoXtEAaQgc+eZ7GmUqOWIRHP\nRTdLkHQxopM0AEJoyB9F9q/+2XYGJJ5LAoIBADiuQ9DNTYd1PFdzQErVGEVxmr06\nI2LSBXYC4mNi6isn0weNXft3BvDNyGJz6fCZmfEH20xJDpmB7cj+PmTaNOStL8WH\nOO9awphdE07INKbr52wqNY35SUQKv6cyI0t6BDDmNx9jW7NbY7gYN7IMarHTwTD/\nRlgV48emrLOmc0XvftazP9FrCCiqcQc9XPpb8qYlL6Yxcmx4H+zokBFc80fF2KkR\nBAz39BCQalzeTNeKRVf1CfcVlf3WkVosQ62J21kFe64RMYcK9fsZAwZ1H6m2gt8m\nrz5vBE+h3I69XmLqskg2f447zx6W1uYJEKyD6WrsBikuH2XdX2g1u/Yiedw=\n-----END RSA PRIVATE KEY-----\n",
            "content_base64": null,
            "directory_permission": "0777",
            "file_permission": "0777",
            "filename": "C:/Users/leona/.ssh/linuxkey.pem",
            "id": "4b3ff2468ae0d20be0a7f8e9ed49c2692dd36031",
            "sensitive_content": null,
            "source": null
          },
          "sensitive_attributes": [
            [
              {
                "type": "get_attr",
                "value": "content"
              }
            ]
          ],
          "private": "bnVsbA==",
          "dependencies": [
            "tls_private_key.linux_key"
          ]
        }
      ]
    },
    {
      "mode": "managed",
      "type": "random_id",
      "name": "randomId",
      "provider": "provider[\"registry.terraform.io/hashicorp/random\"]",
      "instances": [
        {
          "schema_version": 0,
          "attributes": {
            "b64_std": "6TdcYXwyfLQ=",
            "b64_url": "6TdcYXwyfLQ",
            "byte_length": 8,
            "dec": "16805002108321561780",
            "hex": "e9375c617c327cb4",
            "id": "6TdcYXwyfLQ",
            "keepers": {
              "resource_group": "myResourceGroup"
            },
            "prefix": null
          },
          "sensitive_attributes": [],
          "private": "bnVsbA==",
          "dependencies": [
            "azurerm_resource_group.myterraformgroup"
          ]
        }
      ]
    },
    {
      "mode": "managed",
      "type": "tls_private_key",
      "name": "linux_key",
      "provider": "provider[\"registry.terraform.io/hashicorp/tls\"]",
      "instances": [
        {
          "schema_version": 0,
          "attributes": {
            "algorithm": "RSA",
            "ecdsa_curve": "P224",
            "id": "0d5f5ffd6209a5021e2b54ff68390ff34abe1543",
            "private_key_pem": "-----BEGIN RSA PRIVATE KEY-----\nMIIJKAIBAAKCAgEAkkrQENiUqm319Vddmk1yl7nINUTk+UJFcDq3rQiHf3qxtIws\nmG6++VLe8dvF9UQpCSbB/MTOpEMAfh/aiuGAZs3A35MnmxYCicu/ZJYFb1sa1WEa\nUo2U571zzX2x1QBo0SD5JWkRBrvClGwh94MBgvQxihQe49IlxQEfwwlElXGlyNGp\nAMU/r/CfxdlISbulVCM6kywWdSXDS/sHe8SUGbAVZSKShzEfy+grLD/UHGDD7guQ\nBjg7h4YIFxcspeoyWS99NewYL6+9SoPD/3AavD7TfdfjmQfdp/dWn651KkJ17s10\n/Rxh/Y43U/jAxxFVqExmLv/ipWOZQ6ZEY8eaeySnlar/D/7FLQzkE/Eyi5FeSe4X\ns38IGgYJTyd21pgZpd3aY/jZ3/qkjVkxmbPGHRnruaxvjcbTNJDBLUamWmM9pxm8\n3UPX1gUr3ZlH7QXwpHS+9flD9odbACFemL6Dqr54ywAQ2LYGpobwev/dVL/r7zUa\nrmwtGhMTt+PiTryzvryrd3VnqdAAp6gMeeVX+d2J7VlKlwTqABLQGjPTikp4EOiZ\nmc7b85lz5PQy+xGOsxIJuHniGzblGP22KVbkqd6y245w1HTAQA86koN4NabcVtPO\nlGYYIEX3qI5ttKll/Zkg14ESiXdb5YM34s/QgcUU0tEqoF3c9NpHCzpAclECAwEA\nAQKCAgAo9gWYEexeY/eQQGwW/kRtszkZoTazjBjBOc+gBVlbGlGTigQakjequ8ds\n1OpyqCkNROrgCYMKfzAuIGEirc0z+7xbXWqjg+AmEQR/93mCGnJC+LNUFgxxbpx0\nFxOp3jl7BM596RM5XW03/abtFKNhtVoBnWygwYCNzqjEBV5MscuHlRzK+G/CpY82\n6IXTD1VVX5/RAXEwT+iE577KqtoE70auUKXScLDEeTdNZnnPkFCL4HTtKOWSJrcx\nL+3ybsa2LhPS+04yW/SWXpqMdSknODgjbkVt3cP0ec6pW0G3GXDH8oMlM8NEKYPY\nYTgpBPOE8g9SbZdaU67gQDe58HOSRuuZG0455qCNaA4pIpDROmVCZhs0M4HuyQCn\nyOEWQBYRDXGQrOa1Jc5Ooc1P1xpV3V64KUF7zPErI6yGiaWMc4dfzlgJ5r6YgbX+\nwoq3q62fUVt021vHKglpIxKHUWrdNz1uY8wa762oqoSf3748GvC7bfUKrL0lLQAb\ny0U1bsYrqsaHQB65vuY6nsWxmEQuysxvMC65VYRvrfV8NRcs8rW4+GsNAz3bss9v\n8ZJwo/CgtKMp1zlun3jv3tbqYQvr5+xbgZ3sqloJYNH8+bMxwxEn47/1u1Y011a6\nYfEerQ514DVeeQWy0KDM7eJ/f53ZOiFqa/WqdA27chmFwioreQKCAQEAwm8BuHtO\nDQwp7ibQy7eUTNUyJ+7AD/4i4DFyDEWLxoIuvlSdI1M9DZ97018FSo+X+AmKiXoW\npImVfqCjDucCJd8CtfPjij6zvQR53didvGV27UzLPuDJOz0QLfolMQytkWQy5EJT\nyulqCs7RnDmrzXs2dWKZiEkv05uXaXezpHybCWwZSrxah0ARAhPrDeWgTYqo9lyz\n75vKCI8wsrebVpz7VPqzr0KR5UAQh9t2MeQn2Psi+SBrjPVfnDaUv06MDRKTzknt\nTPObsLPH3i415uBCDrGu2VOrZ7uyVm+r6OGoBopQim7BwfhceUD6WBfaimeqZiIb\nqTIYDhB5soNPvwKCAQEAwJ1qP8/w3QNezBmStmdMRJWjPJTJmU72dxLPN7I2Ejxn\nz9N7Wlj8/G3jyj0kYQkGxMtsNtR4d6BBcrpqfasdS73aTNoTcItG8NBbYcsTfOvC\npq9vvvt8dScSoEb7RKqK+N3wgztwIm91WLS6JzPGgbR2XFNuPDPMpFg5Uc4fRCN2\nY2O5QeJHQPCrj4+yjnx9yxqqv/u7rq99BFmaXdJiKUAtZyUPKb5IYzccl2OgIOk6\n/Lwgj4bfAC/2qBRH1aLTkvRpmJEtaJsQa99a5yKb6cv+KCOLaJt+eQMaAezkz9jd\nMcdm3uu2p+rkxVVyxpvuLx2022vCfAYi+S1yT/bB7wKCAQA5Xxv43Zl4TCCLPzTZ\nB8Bgs3/rPI27qleMI8rtSBAocP1t9/WuGL+pJ2gYRK+BAsHq1JXmXvoTbu2Hwcqb\neRqvJhDcs6xufHX4zjtPdL2Ge8IN310Rnq6CJlCB4I/c20rT3ecOZ2vmMd2ydrhv\nCq1hInw9QuzexAmyvPR+kG2XmZT9wMHtxYpI4mSiYlI3dYxJlSKqH0yQ5T1GLUpH\nUdoqQoP+3ULr8g6uwKqgC+fibNo9Mk1tiV1y6Gxf4dMeaAT3ToYCltnInRFRoJrX\nOnd5Oq8DOvbG9eNb5oyG6MinHP7Bf0qormnJ3Ikc1kmIePFpaZFkNahH0po6fC4M\nuKZtAoIBAQCs3tsUKImxoqu7HJybTryZtX9LCPKiwMbdeak3AKAc39AAK3tDTCjK\nWcoeoZ9744EKsNQPpcP1AYSb9olK/n+NkfhSD0txL99clHPfokZ8UJBjz4LIcqdx\n8b560RoEt9eAopiQ/5CVp1k3YwTL2GEp2hB8rnh6WbcqLPBM5mUTX4yKiV8krXRr\n6VTgxQRpc3vnBKkJI2J/1oqqk8zCteZZxXq6Xv1r5pbLTRRBHy4BO7IwUJwclNyi\nK2oB0iniqH+hHfGD95A8mSc02cKZPWuXevlBhx1ApoXtEAaQgc+eZ7GmUqOWIRHP\nRTdLkHQxopM0AEJoyB9F9q/+2XYGJJ5LAoIBADiuQ9DNTYd1PFdzQErVGEVxmr06\nI2LSBXYC4mNi6isn0weNXft3BvDNyGJz6fCZmfEH20xJDpmB7cj+PmTaNOStL8WH\nOO9awphdE07INKbr52wqNY35SUQKv6cyI0t6BDDmNx9jW7NbY7gYN7IMarHTwTD/\nRlgV48emrLOmc0XvftazP9FrCCiqcQc9XPpb8qYlL6Yxcmx4H+zokBFc80fF2KkR\nBAz39BCQalzeTNeKRVf1CfcVlf3WkVosQ62J21kFe64RMYcK9fsZAwZ1H6m2gt8m\nrz5vBE+h3I69XmLqskg2f447zx6W1uYJEKyD6WrsBikuH2XdX2g1u/Yiedw=\n-----END RSA PRIVATE KEY-----\n",
            "public_key_fingerprint_md5": "34:ea:ac:44:d0:e6:96:39:3e:90:f4:22:1a:69:61:4f",
            "public_key_openssh": "ssh-rsa AAAAB3NzaC1yc2EAAAADAQABAAACAQCSStAQ2JSqbfX1V12aTXKXucg1ROT5QkVwOretCId/erG0jCyYbr75Ut7x28X1RCkJJsH8xM6kQwB+H9qK4YBmzcDfkyebFgKJy79klgVvWxrVYRpSjZTnvXPNfbHVAGjRIPklaREGu8KUbCH3gwGC9DGKFB7j0iXFAR/DCUSVcaXI0akAxT+v8J/F2UhJu6VUIzqTLBZ1JcNL+wd7xJQZsBVlIpKHMR/L6CssP9QcYMPuC5AGODuHhggXFyyl6jJZL3017Bgvr71Kg8P/cBq8PtN91+OZB92n91afrnUqQnXuzXT9HGH9jjdT+MDHEVWoTGYu/+KlY5lDpkRjx5p7JKeVqv8P/sUtDOQT8TKLkV5J7hezfwgaBglPJ3bWmBml3dpj+Nnf+qSNWTGZs8YdGeu5rG+NxtM0kMEtRqZaYz2nGbzdQ9fWBSvdmUftBfCkdL71+UP2h1sAIV6YvoOqvnjLABDYtgamhvB6/91Uv+vvNRqubC0aExO34+JOvLO+vKt3dWep0ACnqAx55Vf53YntWUqXBOoAEtAaM9OKSngQ6JmZztvzmXPk9DL7EY6zEgm4eeIbNuUY/bYpVuSp3rLbjnDUdMBADzqSg3g1ptxW086UZhggRfeojm20qWX9mSDXgRKJd1vlgzfiz9CBxRTS0SqgXdz02kcLOkByUQ==\n",
            "public_key_pem": "-----BEGIN PUBLIC KEY-----\nMIICIjANBgkqhkiG9w0BAQEFAAOCAg8AMIICCgKCAgEAkkrQENiUqm319Vddmk1y\nl7nINUTk+UJFcDq3rQiHf3qxtIwsmG6++VLe8dvF9UQpCSbB/MTOpEMAfh/aiuGA\nZs3A35MnmxYCicu/ZJYFb1sa1WEaUo2U571zzX2x1QBo0SD5JWkRBrvClGwh94MB\ngvQxihQe49IlxQEfwwlElXGlyNGpAMU/r/CfxdlISbulVCM6kywWdSXDS/sHe8SU\nGbAVZSKShzEfy+grLD/UHGDD7guQBjg7h4YIFxcspeoyWS99NewYL6+9SoPD/3Aa\nvD7TfdfjmQfdp/dWn651KkJ17s10/Rxh/Y43U/jAxxFVqExmLv/ipWOZQ6ZEY8ea\neySnlar/D/7FLQzkE/Eyi5FeSe4Xs38IGgYJTyd21pgZpd3aY/jZ3/qkjVkxmbPG\nHRnruaxvjcbTNJDBLUamWmM9pxm83UPX1gUr3ZlH7QXwpHS+9flD9odbACFemL6D\nqr54ywAQ2LYGpobwev/dVL/r7zUarmwtGhMTt+PiTryzvryrd3VnqdAAp6gMeeVX\n+d2J7VlKlwTqABLQGjPTikp4EOiZmc7b85lz5PQy+xGOsxIJuHniGzblGP22KVbk\nqd6y245w1HTAQA86koN4NabcVtPOlGYYIEX3qI5ttKll/Zkg14ESiXdb5YM34s/Q\ngcUU0tEqoF3c9NpHCzpAclECAwEAAQ==\n-----END PUBLIC KEY-----\n",
            "rsa_bits": 4096
          },
          "sensitive_attributes": [],
          "private": "bnVsbA=="
        }
      ]
    }
  ]
}
