{
  "version": 4,
  "terraform_version": "1.1.4",
  "serial": 1018,
  "lineage": "06bca0b5-64f1-61df-c883-209d7c194ffb",
  "outputs": {
    "public_ip_address": {
      "value": "40.86.65.52",
      "type": "string"
    }
  },
  "resources": [
    {
      "mode": "data",
      "type": "azurerm_public_ip",
      "name": "terraform_azure_public_id",
      "provider": "provider[\"registry.terraform.io/hashicorp/azurerm\"]",
      "instances": [
        {
          "schema_version": 0,
          "attributes": {
            "allocation_method": "Static",
            "domain_name_label": "",
            "fqdn": "",
            "id": "/subscriptions/b7c745bf-b096-4f64-abd9-fe5377dd6ccb/resourceGroups/myResourceGroup/providers/Microsoft.Network/publicIPAddresses/myPublicIP",
            "idle_timeout_in_minutes": 4,
            "ip_address": "40.86.65.52",
            "ip_tags": {},
            "ip_version": "IPv4",
            "location": "centralus",
            "name": "myPublicIP",
            "resource_group_name": "myResourceGroup",
            "reverse_fqdn": "",
            "sku": "Basic",
            "tags": {
              "environment": "Data Engineering Project"
            },
            "timeouts": null,
            "zones": []
          },
          "sensitive_attributes": []
        }
      ]
    },
    {
      "mode": "managed",
      "type": "azurerm_cosmosdb_account",
      "name": "db",
      "provider": "provider[\"registry.terraform.io/hashicorp/azurerm\"]",
      "instances": [
        {
          "schema_version": 0,
          "attributes": {
            "access_key_metadata_writes_enabled": true,
            "analytical_storage": [
              {
                "schema_type": "WellDefined"
              }
            ],
            "analytical_storage_enabled": false,
            "backup": [
              {
                "interval_in_minutes": 240,
                "retention_in_hours": 8,
                "storage_redundancy": "Geo",
                "type": "Periodic"
              }
            ],
            "capabilities": [
              {
                "name": "EnableServerless"
              }
            ],
            "capacity": [],
            "connection_strings": [
              "AccountEndpoint=https://cosmos-db-55830.documents.azure.com:443/;AccountKey=EYglUula5VUkiJ8GkOeaUDuJ6MZp9T5KF77OkQXiPiLm164ZNQI2hD6vXbM8UwiPeeynffRwaLWvo99gqQhomA==;",
              "AccountEndpoint=https://cosmos-db-55830.documents.azure.com:443/;AccountKey=O8mk6glcCO7BDGeoOEjTwuJiZnJL9YGew8x9upPbhjz1zTxTG6Y9bM2RGPsi35D5y4kZuyQYBukZlhKlg8TvKQ==;",
              "AccountEndpoint=https://cosmos-db-55830.documents.azure.com:443/;AccountKey=4GQk6O2vbR4DK6zuB1chVVg15tumfLLphkCYnY3XeFfBk5ApgZ5epdZd1zkbFWTtA8xrMa9Bx8PsdsvTRZ3wsw==;",
              "AccountEndpoint=https://cosmos-db-55830.documents.azure.com:443/;AccountKey=m8XajayuNWUB3bpVVVKlio1aEB8yXyQCZy7jW4nUuQ7NOyL0dNzEqXUrAaxUmrfYDA39K72CUtrjDFsDwpbqjA==;"
            ],
            "consistency_policy": [
              {
                "consistency_level": "BoundedStaleness",
                "max_interval_in_seconds": 300,
                "max_staleness_prefix": 100000
              }
            ],
            "cors_rule": [],
            "create_mode": "",
            "default_identity_type": "FirstPartyIdentity",
            "enable_automatic_failover": true,
            "enable_free_tier": false,
            "enable_multiple_write_locations": false,
            "endpoint": "https://cosmos-db-55830.documents.azure.com:443/",
            "geo_location": [
              {
                "failover_priority": 0,
                "id": "cosmos-db-55830-westus",
                "location": "westus",
                "prefix": "",
                "zone_redundant": false
              }
            ],
            "id": "/subscriptions/b7c745bf-b096-4f64-abd9-fe5377dd6ccb/resourceGroups/myResourceGroup/providers/Microsoft.DocumentDB/databaseAccounts/cosmos-db-55830",
            "identity": [],
            "ip_range_filter": "",
            "is_virtual_network_filter_enabled": false,
            "key_vault_key_id": null,
            "kind": "GlobalDocumentDB",
            "local_authentication_disabled": false,
            "location": "westus",
            "mongo_server_version": null,
            "name": "cosmos-db-55830",
            "network_acl_bypass_for_azure_services": false,
            "network_acl_bypass_ids": null,
            "offer_type": "Standard",
            "primary_key": "EYglUula5VUkiJ8GkOeaUDuJ6MZp9T5KF77OkQXiPiLm164ZNQI2hD6vXbM8UwiPeeynffRwaLWvo99gqQhomA==",
            "primary_master_key": "EYglUula5VUkiJ8GkOeaUDuJ6MZp9T5KF77OkQXiPiLm164ZNQI2hD6vXbM8UwiPeeynffRwaLWvo99gqQhomA==",
            "primary_readonly_key": "4GQk6O2vbR4DK6zuB1chVVg15tumfLLphkCYnY3XeFfBk5ApgZ5epdZd1zkbFWTtA8xrMa9Bx8PsdsvTRZ3wsw==",
            "primary_readonly_master_key": "4GQk6O2vbR4DK6zuB1chVVg15tumfLLphkCYnY3XeFfBk5ApgZ5epdZd1zkbFWTtA8xrMa9Bx8PsdsvTRZ3wsw==",
            "public_network_access_enabled": true,
            "read_endpoints": [
              "https://cosmos-db-55830-westus.documents.azure.com:443/"
            ],
            "resource_group_name": "myResourceGroup",
            "restore": [],
            "secondary_key": "O8mk6glcCO7BDGeoOEjTwuJiZnJL9YGew8x9upPbhjz1zTxTG6Y9bM2RGPsi35D5y4kZuyQYBukZlhKlg8TvKQ==",
            "secondary_master_key": "O8mk6glcCO7BDGeoOEjTwuJiZnJL9YGew8x9upPbhjz1zTxTG6Y9bM2RGPsi35D5y4kZuyQYBukZlhKlg8TvKQ==",
            "secondary_readonly_key": "m8XajayuNWUB3bpVVVKlio1aEB8yXyQCZy7jW4nUuQ7NOyL0dNzEqXUrAaxUmrfYDA39K72CUtrjDFsDwpbqjA==",
            "secondary_readonly_master_key": "m8XajayuNWUB3bpVVVKlio1aEB8yXyQCZy7jW4nUuQ7NOyL0dNzEqXUrAaxUmrfYDA39K72CUtrjDFsDwpbqjA==",
            "tags": null,
            "timeouts": null,
            "virtual_network_rule": [],
            "write_endpoints": [
              "https://cosmos-db-55830-westus.documents.azure.com:443/"
            ]
          },
          "sensitive_attributes": [],
          "private": "eyJlMmJmYjczMC1lY2FhLTExZTYtOGY4OC0zNDM2M2JjN2M0YzAiOnsiY3JlYXRlIjoxMDgwMDAwMDAwMDAwMCwiZGVsZXRlIjoxMDgwMDAwMDAwMDAwMCwicmVhZCI6MzAwMDAwMDAwMDAwLCJ1cGRhdGUiOjEwODAwMDAwMDAwMDAwfX0=",
          "dependencies": [
            "azurerm_resource_group.myterraformgroup",
            "random_integer.ri"
          ]
        }
      ]
    },
    {
      "mode": "managed",
      "type": "azurerm_cosmosdb_sql_container",
      "name": "sql-container",
      "provider": "provider[\"registry.terraform.io/hashicorp/azurerm\"]",
      "instances": [
        {
          "schema_version": 1,
          "attributes": {
            "account_name": "cosmos-db-55830",
            "analytical_storage_ttl": null,
            "autoscale_settings": [],
            "conflict_resolution_policy": [
              {
                "conflict_resolution_path": "/_ts",
                "conflict_resolution_procedure": "",
                "mode": "LastWriterWins"
              }
            ],
            "database_name": "wine-data-database",
            "default_ttl": null,
            "id": "/subscriptions/b7c745bf-b096-4f64-abd9-fe5377dd6ccb/resourceGroups/myResourceGroup/providers/Microsoft.DocumentDB/databaseAccounts/cosmos-db-55830/sqlDatabases/wine-data-database/containers/wine-data-container",
            "indexing_policy": [
              {
                "composite_index": [],
                "excluded_path": [
                  {
                    "path": "/excluded/?"
                  }
                ],
                "included_path": [
                  {
                    "path": "/*"
                  },
                  {
                    "path": "/included/?"
                  }
                ],
                "indexing_mode": "consistent",
                "spatial_index": []
              }
            ],
            "name": "wine-data-container",
            "partition_key_path": "/id",
            "partition_key_version": null,
            "resource_group_name": "myResourceGroup",
            "throughput": null,
            "timeouts": null,
            "unique_key": [
              {
                "paths": [
                  "/idlong",
                  "/idshort"
                ]
              }
            ]
          },
          "sensitive_attributes": [],
          "private": "eyJlMmJmYjczMC1lY2FhLTExZTYtOGY4OC0zNDM2M2JjN2M0YzAiOnsiY3JlYXRlIjoxODAwMDAwMDAwMDAwLCJkZWxldGUiOjE4MDAwMDAwMDAwMDAsInJlYWQiOjMwMDAwMDAwMDAwMCwidXBkYXRlIjoxODAwMDAwMDAwMDAwfSwic2NoZW1hX3ZlcnNpb24iOiIxIn0=",
          "dependencies": [
            "azurerm_cosmosdb_account.db",
            "azurerm_cosmosdb_sql_database.wine-database",
            "azurerm_resource_group.myterraformgroup",
            "random_integer.ri"
          ]
        }
      ]
    },
    {
      "mode": "managed",
      "type": "azurerm_cosmosdb_sql_database",
      "name": "wine-database",
      "provider": "provider[\"registry.terraform.io/hashicorp/azurerm\"]",
      "instances": [
        {
          "schema_version": 1,
          "attributes": {
            "account_name": "cosmos-db-55830",
            "autoscale_settings": [],
            "id": "/subscriptions/b7c745bf-b096-4f64-abd9-fe5377dd6ccb/resourceGroups/myResourceGroup/providers/Microsoft.DocumentDB/databaseAccounts/cosmos-db-55830/sqlDatabases/wine-data-database",
            "name": "wine-data-database",
            "resource_group_name": "myResourceGroup",
            "throughput": null,
            "timeouts": null
          },
          "sensitive_attributes": [],
          "private": "eyJlMmJmYjczMC1lY2FhLTExZTYtOGY4OC0zNDM2M2JjN2M0YzAiOnsiY3JlYXRlIjoxODAwMDAwMDAwMDAwLCJkZWxldGUiOjE4MDAwMDAwMDAwMDAsInJlYWQiOjMwMDAwMDAwMDAwMCwidXBkYXRlIjoxODAwMDAwMDAwMDAwfSwic2NoZW1hX3ZlcnNpb24iOiIxIn0=",
          "dependencies": [
            "azurerm_cosmosdb_account.db",
            "azurerm_resource_group.myterraformgroup",
            "random_integer.ri"
          ]
        }
      ]
    },
    {
      "mode": "managed",
      "type": "azurerm_linux_virtual_machine",
      "name": "myterraformvm",
      "provider": "provider[\"registry.terraform.io/hashicorp/azurerm\"]",
      "instances": [
        {
          "schema_version": 0,
          "attributes": {
            "additional_capabilities": [],
            "admin_password": null,
            "admin_ssh_key": [
              {
                "public_key": "ssh-rsa AAAAB3NzaC1yc2EAAAADAQABAAACAQC2NdnyPt5Jq9vAoOtOQvtpHGCnme4vupTsidn+589U6rrIKEhsFE49pbNU7gkllulzoH3Wt2EhQ7A6DwK8Rr81uet8/mno44A5dOMlxcchA+qUuhNn9lGF8+khaWz603uOGogre6PbK79otostL8mqTmoQzd3jfJ9oVfV2+fdd1D2IJ55eegQZ4JnNb7RIUWGr0sPbeRC1weLE6gcWz+9xSLBK5WIg6sH6vszOPTohzHsGDMUBBoqTjba1k9o5V2Mxb9QRs3ozMNKvG/Np+JkYD0M3DRJp77FnjPny2tww57ef2jp2Y5N2gJkuaFCryDJQXlyEttTO2TUCgtQx2Kc2cPBP/F+5wW0xZuwxc4KelKwBZP1EsjJJrnAhqd5dHP8XycDtOa4d2MIVfbjeTG7Px5ydF3oFu2hm1dBonF0iGUMrm9Oqkn8fSo8+1z/KuJKu8pRruceyd9omnIbZ+pdT6T/5LWs6dMPBLbbg8nkAVvWqovhZtAy5CWfsyWOg+h8o4eq8WaYlIRDQv5eOOc5nD/qjJ2YOEH2DVqqcnWUIrmrdzSckv5gVZbaHrJP0RnKoRCKzVaEPEsW03SCjyIclNHFjjG7MSJIYUrel7VopGZ54b1NYSJCPvgW8zGSIF1xMCFoElDg1BddbCZmkjDAEoKFfJgTLs2RFxecXQn0hNw==\n",
                "username": "azureuser"
              }
            ],
            "admin_username": "azureuser",
            "allow_extension_operations": true,
            "availability_set_id": "",
            "boot_diagnostics": [
              {
                "storage_account_uri": "https://storage2287d651.blob.core.windows.net/"
              }
            ],
            "computer_name": "myvm",
            "custom_data": null,
            "dedicated_host_group_id": "",
            "dedicated_host_id": "",
            "disable_password_authentication": true,
            "encryption_at_host_enabled": false,
            "eviction_policy": "",
            "extensions_time_budget": "PT1H30M",
            "id": "/subscriptions/b7c745bf-b096-4f64-abd9-fe5377dd6ccb/resourceGroups/myResourceGroup/providers/Microsoft.Compute/virtualMachines/data-engineering-project",
            "identity": [],
            "license_type": "",
            "location": "centralus",
            "max_bid_price": -1,
            "name": "data-engineering-project",
            "network_interface_ids": [
              "/subscriptions/b7c745bf-b096-4f64-abd9-fe5377dd6ccb/resourceGroups/myResourceGroup/providers/Microsoft.Network/networkInterfaces/myNIC"
            ],
            "os_disk": [
              {
                "caching": "ReadWrite",
                "diff_disk_settings": [],
                "disk_encryption_set_id": "",
                "disk_size_gb": 30,
                "name": "myOsDisk",
                "storage_account_type": "Premium_LRS",
                "write_accelerator_enabled": false
              }
            ],
            "patch_mode": "ImageDefault",
            "plan": [],
            "platform_fault_domain": -1,
            "priority": "Regular",
            "private_ip_address": "10.0.1.4",
            "private_ip_addresses": [
              "10.0.1.4"
            ],
            "provision_vm_agent": true,
            "proximity_placement_group_id": "",
            "public_ip_address": "40.86.65.52",
            "public_ip_addresses": [
              "40.86.65.52"
            ],
            "resource_group_name": "myResourceGroup",
            "secret": [],
            "secure_boot_enabled": false,
            "size": "Standard_DS2",
            "source_image_id": "",
            "source_image_reference": [
              {
                "offer": "UbuntuServer",
                "publisher": "Canonical",
                "sku": "18.04-LTS",
                "version": "latest"
              }
            ],
            "tags": {
              "environment": "Data Engineering Project"
            },
            "timeouts": null,
            "user_data": "",
            "virtual_machine_id": "ea058189-75f8-4f1e-b7f7-2b6a29dfd847",
            "virtual_machine_scale_set_id": "",
            "vtpm_enabled": false,
            "zone": ""
          },
          "sensitive_attributes": [],
          "private": "eyJlMmJmYjczMC1lY2FhLTExZTYtOGY4OC0zNDM2M2JjN2M0YzAiOnsiY3JlYXRlIjoyNzAwMDAwMDAwMDAwLCJkZWxldGUiOjI3MDAwMDAwMDAwMDAsInJlYWQiOjMwMDAwMDAwMDAwMCwidXBkYXRlIjoyNzAwMDAwMDAwMDAwfX0=",
          "dependencies": [
            "azurerm_network_interface.myterraformnic",
            "azurerm_public_ip.myterraformpublicip",
            "azurerm_resource_group.myterraformgroup",
            "azurerm_storage_account.mystorageaccount",
            "azurerm_subnet.myterraformsubnet",
            "azurerm_virtual_network.myterraformnetwork",
            "random_id.randomId",
            "tls_private_key.linux_key"
          ]
        }
      ]
    },
    {
      "mode": "managed",
      "type": "azurerm_network_interface",
      "name": "myterraformnic",
      "provider": "provider[\"registry.terraform.io/hashicorp/azurerm\"]",
      "instances": [
        {
          "schema_version": 0,
          "attributes": {
            "applied_dns_servers": [],
            "dns_servers": [],
            "enable_accelerated_networking": false,
            "enable_ip_forwarding": false,
            "id": "/subscriptions/b7c745bf-b096-4f64-abd9-fe5377dd6ccb/resourceGroups/myResourceGroup/providers/Microsoft.Network/networkInterfaces/myNIC",
            "internal_dns_name_label": "",
            "internal_domain_name_suffix": "fym2kgzsmy1urlh2xqbs4hmsvd.gx.internal.cloudapp.net",
            "ip_configuration": [
              {
                "gateway_load_balancer_frontend_ip_configuration_id": "",
                "name": "myNicConfiguration",
                "primary": true,
                "private_ip_address": "10.0.1.4",
                "private_ip_address_allocation": "Dynamic",
                "private_ip_address_version": "IPv4",
                "public_ip_address_id": "/subscriptions/b7c745bf-b096-4f64-abd9-fe5377dd6ccb/resourceGroups/myResourceGroup/providers/Microsoft.Network/publicIPAddresses/myPublicIP",
                "subnet_id": "/subscriptions/b7c745bf-b096-4f64-abd9-fe5377dd6ccb/resourceGroups/myResourceGroup/providers/Microsoft.Network/virtualNetworks/myVnet/subnets/mySubnet"
              }
            ],
            "location": "centralus",
            "mac_address": "",
            "name": "myNIC",
            "private_ip_address": "10.0.1.4",
            "private_ip_addresses": [
              "10.0.1.4"
            ],
            "resource_group_name": "myResourceGroup",
            "tags": {
              "environment": "Data Engineering Project"
            },
            "timeouts": null,
            "virtual_machine_id": ""
          },
          "sensitive_attributes": [],
          "private": "eyJlMmJmYjczMC1lY2FhLTExZTYtOGY4OC0zNDM2M2JjN2M0YzAiOnsiY3JlYXRlIjoxODAwMDAwMDAwMDAwLCJkZWxldGUiOjE4MDAwMDAwMDAwMDAsInJlYWQiOjMwMDAwMDAwMDAwMCwidXBkYXRlIjoxODAwMDAwMDAwMDAwfX0=",
          "dependencies": [
            "azurerm_public_ip.myterraformpublicip",
            "azurerm_resource_group.myterraformgroup",
            "azurerm_subnet.myterraformsubnet",
            "azurerm_virtual_network.myterraformnetwork"
          ]
        }
      ]
    },
    {
      "mode": "managed",
      "type": "azurerm_network_interface_security_group_association",
      "name": "example",
      "provider": "provider[\"registry.terraform.io/hashicorp/azurerm\"]",
      "instances": [
        {
          "schema_version": 0,
          "attributes": {
            "id": "/subscriptions/b7c745bf-b096-4f64-abd9-fe5377dd6ccb/resourceGroups/myResourceGroup/providers/Microsoft.Network/networkInterfaces/myNIC|/subscriptions/b7c745bf-b096-4f64-abd9-fe5377dd6ccb/resourceGroups/myResourceGroup/providers/Microsoft.Network/networkSecurityGroups/myNetworkSecurityGroup",
            "network_interface_id": "/subscriptions/b7c745bf-b096-4f64-abd9-fe5377dd6ccb/resourceGroups/myResourceGroup/providers/Microsoft.Network/networkInterfaces/myNIC",
            "network_security_group_id": "/subscriptions/b7c745bf-b096-4f64-abd9-fe5377dd6ccb/resourceGroups/myResourceGroup/providers/Microsoft.Network/networkSecurityGroups/myNetworkSecurityGroup",
            "timeouts": null
          },
          "sensitive_attributes": [],
          "private": "eyJlMmJmYjczMC1lY2FhLTExZTYtOGY4OC0zNDM2M2JjN2M0YzAiOnsiY3JlYXRlIjoxODAwMDAwMDAwMDAwLCJkZWxldGUiOjE4MDAwMDAwMDAwMDAsInJlYWQiOjMwMDAwMDAwMDAwMCwidXBkYXRlIjoxODAwMDAwMDAwMDAwfX0=",
          "dependencies": [
            "azurerm_network_interface.myterraformnic",
            "azurerm_network_security_group.myterraformnsg",
            "azurerm_public_ip.myterraformpublicip",
            "azurerm_resource_group.myterraformgroup",
            "azurerm_subnet.myterraformsubnet",
            "azurerm_virtual_network.myterraformnetwork"
          ]
        }
      ]
    },
    {
      "mode": "managed",
      "type": "azurerm_network_security_group",
      "name": "myterraformnsg",
      "provider": "provider[\"registry.terraform.io/hashicorp/azurerm\"]",
      "instances": [
        {
          "schema_version": 0,
          "attributes": {
            "id": "/subscriptions/b7c745bf-b096-4f64-abd9-fe5377dd6ccb/resourceGroups/myResourceGroup/providers/Microsoft.Network/networkSecurityGroups/myNetworkSecurityGroup",
            "location": "centralus",
            "name": "myNetworkSecurityGroup",
            "resource_group_name": "myResourceGroup",
            "security_rule": [
              {
                "access": "Allow",
                "description": "",
                "destination_address_prefix": "*",
                "destination_address_prefixes": [],
                "destination_application_security_group_ids": [],
                "destination_port_range": "22",
                "destination_port_ranges": [],
                "direction": "Inbound",
                "name": "SSH",
                "priority": 1001,
                "protocol": "Tcp",
                "source_address_prefix": "*",
                "source_address_prefixes": [],
                "source_application_security_group_ids": [],
                "source_port_range": "*",
                "source_port_ranges": []
              }
            ],
            "tags": {
              "environment": "Data Engineering Project"
            },
            "timeouts": null
          },
          "sensitive_attributes": [],
          "private": "eyJlMmJmYjczMC1lY2FhLTExZTYtOGY4OC0zNDM2M2JjN2M0YzAiOnsiY3JlYXRlIjoxODAwMDAwMDAwMDAwLCJkZWxldGUiOjE4MDAwMDAwMDAwMDAsInJlYWQiOjMwMDAwMDAwMDAwMCwidXBkYXRlIjoxODAwMDAwMDAwMDAwfX0=",
          "dependencies": [
            "azurerm_resource_group.myterraformgroup"
          ]
        }
      ]
    },
    {
      "mode": "managed",
      "type": "azurerm_public_ip",
      "name": "myterraformpublicip",
      "provider": "provider[\"registry.terraform.io/hashicorp/azurerm\"]",
      "instances": [
        {
          "schema_version": 0,
          "attributes": {
            "allocation_method": "Static",
            "availability_zone": "No-Zone",
            "domain_name_label": null,
            "fqdn": null,
            "id": "/subscriptions/b7c745bf-b096-4f64-abd9-fe5377dd6ccb/resourceGroups/myResourceGroup/providers/Microsoft.Network/publicIPAddresses/myPublicIP",
            "idle_timeout_in_minutes": 4,
            "ip_address": "40.86.65.52",
            "ip_tags": null,
            "ip_version": "IPv4",
            "location": "centralus",
            "name": "myPublicIP",
            "public_ip_prefix_id": null,
            "resource_group_name": "myResourceGroup",
            "reverse_fqdn": null,
            "sku": "Basic",
            "sku_tier": "Regional",
            "tags": {
              "environment": "Data Engineering Project"
            },
            "timeouts": null,
            "zones": []
          },
          "sensitive_attributes": [],
          "private": "eyJlMmJmYjczMC1lY2FhLTExZTYtOGY4OC0zNDM2M2JjN2M0YzAiOnsiY3JlYXRlIjoxODAwMDAwMDAwMDAwLCJkZWxldGUiOjE4MDAwMDAwMDAwMDAsInJlYWQiOjMwMDAwMDAwMDAwMCwidXBkYXRlIjoxODAwMDAwMDAwMDAwfX0=",
          "dependencies": [
            "azurerm_resource_group.myterraformgroup"
          ]
        }
      ]
    },
    {
      "mode": "managed",
      "type": "azurerm_resource_group",
      "name": "myterraformgroup",
      "provider": "provider[\"registry.terraform.io/hashicorp/azurerm\"]",
      "instances": [
        {
          "schema_version": 0,
          "attributes": {
            "id": "/subscriptions/b7c745bf-b096-4f64-abd9-fe5377dd6ccb/resourceGroups/myResourceGroup",
            "location": "centralus",
            "name": "myResourceGroup",
            "tags": {
              "environment": "Data Engineering Project"
            },
            "timeouts": null
          },
          "sensitive_attributes": [],
          "private": "eyJlMmJmYjczMC1lY2FhLTExZTYtOGY4OC0zNDM2M2JjN2M0YzAiOnsiY3JlYXRlIjo1NDAwMDAwMDAwMDAwLCJkZWxldGUiOjU0MDAwMDAwMDAwMDAsInJlYWQiOjMwMDAwMDAwMDAwMCwidXBkYXRlIjo1NDAwMDAwMDAwMDAwfX0="
        }
      ]
    },
    {
      "mode": "managed",
      "type": "azurerm_storage_account",
      "name": "mystorageaccount",
      "provider": "provider[\"registry.terraform.io/hashicorp/azurerm\"]",
      "instances": [
        {
          "schema_version": 2,
          "attributes": {
            "access_tier": "Hot",
            "account_kind": "StorageV2",
            "account_replication_type": "LRS",
            "account_tier": "Standard",
            "allow_blob_public_access": false,
            "azure_files_authentication": [],
            "blob_properties": [
              {
                "change_feed_enabled": false,
                "container_delete_retention_policy": [],
                "cors_rule": [],
                "default_service_version": "",
                "delete_retention_policy": [],
                "last_access_time_enabled": false,
                "versioning_enabled": false
              }
            ],
            "custom_domain": [],
            "customer_managed_key": [],
            "enable_https_traffic_only": true,
            "id": "/subscriptions/b7c745bf-b096-4f64-abd9-fe5377dd6ccb/resourceGroups/myResourceGroup/providers/Microsoft.Storage/storageAccounts/storage2287d651",
            "identity": [],
            "infrastructure_encryption_enabled": false,
            "is_hns_enabled": true,
            "large_file_share_enabled": null,
            "location": "centralus",
            "min_tls_version": "TLS1_0",
            "name": "storage2287d651",
            "network_rules": [
              {
                "bypass": [
                  "AzureServices"
                ],
                "default_action": "Allow",
                "ip_rules": [],
                "private_link_access": [],
                "virtual_network_subnet_ids": []
              }
            ],
            "nfsv3_enabled": false,
            "primary_access_key": "77iO28g/BbfEWMxDXKlvtSHMyrfutaDDPNr8nu7zeXoMNOepETuANIoWEWMtwdyqnAufdu7i5/kABtYVnOBe2w==",
            "primary_blob_connection_string": "DefaultEndpointsProtocol=https;BlobEndpoint=https://storage2287d651.blob.core.windows.net/;AccountName=storage2287d651;AccountKey=77iO28g/BbfEWMxDXKlvtSHMyrfutaDDPNr8nu7zeXoMNOepETuANIoWEWMtwdyqnAufdu7i5/kABtYVnOBe2w==",
            "primary_blob_endpoint": "https://storage2287d651.blob.core.windows.net/",
            "primary_blob_host": "storage2287d651.blob.core.windows.net",
            "primary_connection_string": "DefaultEndpointsProtocol=https;AccountName=storage2287d651;AccountKey=77iO28g/BbfEWMxDXKlvtSHMyrfutaDDPNr8nu7zeXoMNOepETuANIoWEWMtwdyqnAufdu7i5/kABtYVnOBe2w==;EndpointSuffix=core.windows.net",
            "primary_dfs_endpoint": "https://storage2287d651.dfs.core.windows.net/",
            "primary_dfs_host": "storage2287d651.dfs.core.windows.net",
            "primary_file_endpoint": "https://storage2287d651.file.core.windows.net/",
            "primary_file_host": "storage2287d651.file.core.windows.net",
            "primary_location": "centralus",
            "primary_queue_endpoint": "https://storage2287d651.queue.core.windows.net/",
            "primary_queue_host": "storage2287d651.queue.core.windows.net",
            "primary_table_endpoint": "https://storage2287d651.table.core.windows.net/",
            "primary_table_host": "storage2287d651.table.core.windows.net",
            "primary_web_endpoint": "https://storage2287d651.z19.web.core.windows.net/",
            "primary_web_host": "storage2287d651.z19.web.core.windows.net",
            "queue_encryption_key_type": "Service",
            "queue_properties": [
              {
                "cors_rule": [],
                "hour_metrics": [
                  {
                    "enabled": true,
                    "include_apis": true,
                    "retention_policy_days": 7,
                    "version": "1.0"
                  }
                ],
                "logging": [
                  {
                    "delete": false,
                    "read": false,
                    "retention_policy_days": 0,
                    "version": "1.0",
                    "write": false
                  }
                ],
                "minute_metrics": [
                  {
                    "enabled": false,
                    "include_apis": false,
                    "retention_policy_days": 0,
                    "version": "1.0"
                  }
                ]
              }
            ],
            "resource_group_name": "myResourceGroup",
            "routing": [],
            "secondary_access_key": "HqMLMOtl8tggtFci7tOAWkG9ek8TKxyceWTZq06hsTbP+Kouoq0365hSMfuwaw19EZ0EiXCLhCs8gcQXKT4Hgg==",
            "secondary_blob_connection_string": "",
            "secondary_blob_endpoint": null,
            "secondary_blob_host": null,
            "secondary_connection_string": "DefaultEndpointsProtocol=https;AccountName=storage2287d651;AccountKey=HqMLMOtl8tggtFci7tOAWkG9ek8TKxyceWTZq06hsTbP+Kouoq0365hSMfuwaw19EZ0EiXCLhCs8gcQXKT4Hgg==;EndpointSuffix=core.windows.net",
            "secondary_dfs_endpoint": null,
            "secondary_dfs_host": null,
            "secondary_file_endpoint": null,
            "secondary_file_host": null,
            "secondary_location": "",
            "secondary_queue_endpoint": null,
            "secondary_queue_host": null,
            "secondary_table_endpoint": null,
            "secondary_table_host": null,
            "secondary_web_endpoint": null,
            "secondary_web_host": null,
            "share_properties": [
              {
                "cors_rule": [],
                "retention_policy": [
                  {
                    "days": 7
                  }
                ],
                "smb": []
              }
            ],
            "shared_access_key_enabled": true,
            "static_website": [],
            "table_encryption_key_type": "Service",
            "tags": {
              "environment": "Data Engineering Project"
            },
            "timeouts": null
          },
          "sensitive_attributes": [],
          "private": "eyJlMmJmYjczMC1lY2FhLTExZTYtOGY4OC0zNDM2M2JjN2M0YzAiOnsiY3JlYXRlIjozNjAwMDAwMDAwMDAwLCJkZWxldGUiOjM2MDAwMDAwMDAwMDAsInJlYWQiOjMwMDAwMDAwMDAwMCwidXBkYXRlIjozNjAwMDAwMDAwMDAwfSwic2NoZW1hX3ZlcnNpb24iOiIyIn0=",
          "dependencies": [
            "azurerm_resource_group.myterraformgroup",
            "random_id.randomId"
          ]
        }
      ]
    },
    {
      "mode": "managed",
      "type": "azurerm_storage_container",
      "name": "storage_container",
      "provider": "provider[\"registry.terraform.io/hashicorp/azurerm\"]",
      "instances": [
        {
          "schema_version": 1,
          "attributes": {
            "container_access_type": "private",
            "has_immutability_policy": false,
            "has_legal_hold": false,
            "id": "https://storage2287d651.blob.core.windows.net/data-lake",
            "metadata": {},
            "name": "data-lake",
            "resource_manager_id": "/subscriptions/b7c745bf-b096-4f64-abd9-fe5377dd6ccb/resourceGroups/myResourceGroup/providers/Microsoft.Storage/storageAccounts/storage2287d651/blobServices/default/containers/data-lake",
            "storage_account_name": "storage2287d651",
            "timeouts": null
          },
          "sensitive_attributes": [],
          "private": "eyJlMmJmYjczMC1lY2FhLTExZTYtOGY4OC0zNDM2M2JjN2M0YzAiOnsiY3JlYXRlIjoxODAwMDAwMDAwMDAwLCJkZWxldGUiOjE4MDAwMDAwMDAwMDAsInJlYWQiOjMwMDAwMDAwMDAwMCwidXBkYXRlIjoxODAwMDAwMDAwMDAwfSwic2NoZW1hX3ZlcnNpb24iOiIxIn0=",
          "dependencies": [
            "azurerm_resource_group.myterraformgroup",
            "azurerm_storage_account.mystorageaccount",
            "random_id.randomId"
          ]
        }
      ]
    },
    {
      "mode": "managed",
      "type": "azurerm_storage_share",
      "name": "sharedstorage",
      "provider": "provider[\"registry.terraform.io/hashicorp/azurerm\"]",
      "instances": [
        {
          "schema_version": 2,
          "attributes": {
            "acl": [
              {
                "access_policy": [
                  {
                    "expiry": "2019-07-02T10:38:21.0000000Z",
                    "permissions": "rwdl",
                    "start": "2019-07-02T09:38:21.0000000Z"
                  }
                ],
                "id": "MTIzNDU2Nzg5MDEyMzQ1Njc4OTAxMjM0NTY3ODkwMTI"
              }
            ],
            "enabled_protocol": "SMB",
            "id": "https://storage2287d651.file.core.windows.net/sharedstorage",
            "metadata": {},
            "name": "sharedstorage",
            "quota": 50,
            "resource_manager_id": "/subscriptions/b7c745bf-b096-4f64-abd9-fe5377dd6ccb/resourceGroups/myResourceGroup/providers/Microsoft.Storage/storageAccounts/storage2287d651/fileServices/default/fileshares/sharedstorage",
            "storage_account_name": "storage2287d651",
            "timeouts": null,
            "url": "https://storage2287d651.file.core.windows.net/sharedstorage"
          },
          "sensitive_attributes": [],
          "private": "eyJlMmJmYjczMC1lY2FhLTExZTYtOGY4OC0zNDM2M2JjN2M0YzAiOnsiY3JlYXRlIjoxODAwMDAwMDAwMDAwLCJkZWxldGUiOjE4MDAwMDAwMDAwMDAsInJlYWQiOjMwMDAwMDAwMDAwMCwidXBkYXRlIjoxODAwMDAwMDAwMDAwfSwic2NoZW1hX3ZlcnNpb24iOiIyIn0=",
          "dependencies": [
            "azurerm_resource_group.myterraformgroup",
            "azurerm_storage_account.mystorageaccount",
            "random_id.randomId"
          ]
        }
      ]
    },
    {
      "mode": "managed",
      "type": "azurerm_storage_share_file",
      "name": "airflow-env",
      "provider": "provider[\"registry.terraform.io/hashicorp/azurerm\"]",
      "instances": [
        {
          "schema_version": 0,
          "attributes": {
            "content_disposition": "",
            "content_encoding": "",
            "content_length": 1124,
            "content_md5": "",
            "content_type": "application/octet-stream",
            "id": "https://storage2287d651.file.core.windows.net/sharedstorage//airflow.env",
            "metadata": null,
            "name": "airflow.env",
            "path": "",
            "source": "../airflow/airflow.env",
            "storage_share_id": "https://storage2287d651.file.core.windows.net/sharedstorage",
            "timeouts": null
          },
          "sensitive_attributes": [],
          "private": "eyJlMmJmYjczMC1lY2FhLTExZTYtOGY4OC0zNDM2M2JjN2M0YzAiOnsiY3JlYXRlIjoxODAwMDAwMDAwMDAwLCJkZWxldGUiOjE4MDAwMDAwMDAwMDAsInJlYWQiOjMwMDAwMDAwMDAwMCwidXBkYXRlIjoxODAwMDAwMDAwMDAwfX0=",
          "dependencies": [
            "azurerm_resource_group.myterraformgroup",
            "azurerm_storage_account.mystorageaccount",
            "azurerm_storage_share.sharedstorage",
            "random_id.randomId"
          ]
        }
      ]
    },
    {
      "mode": "managed",
      "type": "azurerm_storage_share_file",
      "name": "docker-compose",
      "provider": "provider[\"registry.terraform.io/hashicorp/azurerm\"]",
      "instances": [
        {
          "schema_version": 0,
          "attributes": {
            "content_disposition": "",
            "content_encoding": "",
            "content_length": 1934,
            "content_md5": "",
            "content_type": "application/octet-stream",
            "id": "https://storage2287d651.file.core.windows.net/sharedstorage//docker-compose.yml",
            "metadata": null,
            "name": "docker-compose.yml",
            "path": "",
            "source": "../airflow/docker-compose.yml",
            "storage_share_id": "https://storage2287d651.file.core.windows.net/sharedstorage",
            "timeouts": null
          },
          "sensitive_attributes": [],
          "private": "eyJlMmJmYjczMC1lY2FhLTExZTYtOGY4OC0zNDM2M2JjN2M0YzAiOnsiY3JlYXRlIjoxODAwMDAwMDAwMDAwLCJkZWxldGUiOjE4MDAwMDAwMDAwMDAsInJlYWQiOjMwMDAwMDAwMDAwMCwidXBkYXRlIjoxODAwMDAwMDAwMDAwfX0=",
          "dependencies": [
            "azurerm_resource_group.myterraformgroup",
            "azurerm_storage_account.mystorageaccount",
            "azurerm_storage_share.sharedstorage",
            "random_id.randomId"
          ]
        }
      ]
    },
    {
      "mode": "managed",
      "type": "azurerm_storage_share_file",
      "name": "dockerfile",
      "provider": "provider[\"registry.terraform.io/hashicorp/azurerm\"]",
      "instances": [
        {
          "schema_version": 0,
          "attributes": {
            "content_disposition": "",
            "content_encoding": "",
            "content_length": 1003,
            "content_md5": "",
            "content_type": "application/octet-stream",
            "id": "https://storage2287d651.file.core.windows.net/sharedstorage//Dockerfile",
            "metadata": null,
            "name": "Dockerfile",
            "path": "",
            "source": "../airflow/Dockerfile",
            "storage_share_id": "https://storage2287d651.file.core.windows.net/sharedstorage",
            "timeouts": null
          },
          "sensitive_attributes": [],
          "private": "eyJlMmJmYjczMC1lY2FhLTExZTYtOGY4OC0zNDM2M2JjN2M0YzAiOnsiY3JlYXRlIjoxODAwMDAwMDAwMDAwLCJkZWxldGUiOjE4MDAwMDAwMDAwMDAsInJlYWQiOjMwMDAwMDAwMDAwMCwidXBkYXRlIjoxODAwMDAwMDAwMDAwfX0=",
          "dependencies": [
            "azurerm_resource_group.myterraformgroup",
            "azurerm_storage_account.mystorageaccount",
            "azurerm_storage_share.sharedstorage",
            "random_id.randomId"
          ]
        }
      ]
    },
    {
      "mode": "managed",
      "type": "azurerm_storage_share_file",
      "name": "entrypoint",
      "provider": "provider[\"registry.terraform.io/hashicorp/azurerm\"]",
      "instances": [
        {
          "schema_version": 0,
          "attributes": {
            "content_disposition": "",
            "content_encoding": "",
            "content_length": 205,
            "content_md5": "",
            "content_type": "application/octet-stream",
            "id": "https://storage2287d651.file.core.windows.net/sharedstorage//entrypoint.sh",
            "metadata": null,
            "name": "entrypoint.sh",
            "path": "",
            "source": "../airflow/scripts/entrypoint.sh",
            "storage_share_id": "https://storage2287d651.file.core.windows.net/sharedstorage",
            "timeouts": null
          },
          "sensitive_attributes": [],
          "private": "eyJlMmJmYjczMC1lY2FhLTExZTYtOGY4OC0zNDM2M2JjN2M0YzAiOnsiY3JlYXRlIjoxODAwMDAwMDAwMDAwLCJkZWxldGUiOjE4MDAwMDAwMDAwMDAsInJlYWQiOjMwMDAwMDAwMDAwMCwidXBkYXRlIjoxODAwMDAwMDAwMDAwfX0=",
          "dependencies": [
            "azurerm_resource_group.myterraformgroup",
            "azurerm_storage_account.mystorageaccount",
            "azurerm_storage_share.sharedstorage",
            "random_id.randomId"
          ]
        }
      ]
    },
    {
      "mode": "managed",
      "type": "azurerm_storage_share_file",
      "name": "red-wine-data",
      "provider": "provider[\"registry.terraform.io/hashicorp/azurerm\"]",
      "instances": [
        {
          "schema_version": 0,
          "attributes": {
            "content_disposition": "",
            "content_encoding": "",
            "content_length": 719879,
            "content_md5": "",
            "content_type": "application/octet-stream",
            "id": "https://storage2287d651.file.core.windows.net/sharedstorage//Red.csv",
            "metadata": null,
            "name": "Red.csv",
            "path": "",
            "source": "../airflow/source_data/Red.csv",
            "storage_share_id": "https://storage2287d651.file.core.windows.net/sharedstorage",
            "timeouts": null
          },
          "sensitive_attributes": [],
          "private": "eyJlMmJmYjczMC1lY2FhLTExZTYtOGY4OC0zNDM2M2JjN2M0YzAiOnsiY3JlYXRlIjoxODAwMDAwMDAwMDAwLCJkZWxldGUiOjE4MDAwMDAwMDAwMDAsInJlYWQiOjMwMDAwMDAwMDAwMCwidXBkYXRlIjoxODAwMDAwMDAwMDAwfX0=",
          "dependencies": [
            "azurerm_resource_group.myterraformgroup",
            "azurerm_storage_account.mystorageaccount",
            "azurerm_storage_share.sharedstorage",
            "random_id.randomId"
          ]
        }
      ]
    },
    {
      "mode": "managed",
      "type": "azurerm_storage_share_file",
      "name": "rose-wine-data",
      "provider": "provider[\"registry.terraform.io/hashicorp/azurerm\"]",
      "instances": [
        {
          "schema_version": 0,
          "attributes": {
            "content_disposition": "",
            "content_encoding": "",
            "content_length": 30277,
            "content_md5": "",
            "content_type": "application/octet-stream",
            "id": "https://storage2287d651.file.core.windows.net/sharedstorage//Rose.csv",
            "metadata": null,
            "name": "Rose.csv",
            "path": "",
            "source": "../airflow/source_data/Rose.csv",
            "storage_share_id": "https://storage2287d651.file.core.windows.net/sharedstorage",
            "timeouts": null
          },
          "sensitive_attributes": [],
          "private": "eyJlMmJmYjczMC1lY2FhLTExZTYtOGY4OC0zNDM2M2JjN2M0YzAiOnsiY3JlYXRlIjoxODAwMDAwMDAwMDAwLCJkZWxldGUiOjE4MDAwMDAwMDAwMDAsInJlYWQiOjMwMDAwMDAwMDAwMCwidXBkYXRlIjoxODAwMDAwMDAwMDAwfX0=",
          "dependencies": [
            "azurerm_resource_group.myterraformgroup",
            "azurerm_storage_account.mystorageaccount",
            "azurerm_storage_share.sharedstorage",
            "random_id.randomId"
          ]
        }
      ]
    },
    {
      "mode": "managed",
      "type": "azurerm_storage_share_file",
      "name": "setup",
      "provider": "provider[\"registry.terraform.io/hashicorp/azurerm\"]",
      "instances": [
        {
          "schema_version": 0,
          "attributes": {
            "content_disposition": "",
            "content_encoding": "",
            "content_length": 1231,
            "content_md5": "",
            "content_type": "application/octet-stream",
            "id": "https://storage2287d651.file.core.windows.net/sharedstorage//setup.sh",
            "metadata": null,
            "name": "setup.sh",
            "path": "",
            "source": "../scripts/setup.sh",
            "storage_share_id": "https://storage2287d651.file.core.windows.net/sharedstorage",
            "timeouts": null
          },
          "sensitive_attributes": [],
          "private": "eyJlMmJmYjczMC1lY2FhLTExZTYtOGY4OC0zNDM2M2JjN2M0YzAiOnsiY3JlYXRlIjoxODAwMDAwMDAwMDAwLCJkZWxldGUiOjE4MDAwMDAwMDAwMDAsInJlYWQiOjMwMDAwMDAwMDAwMCwidXBkYXRlIjoxODAwMDAwMDAwMDAwfX0=",
          "dependencies": [
            "azurerm_resource_group.myterraformgroup",
            "azurerm_storage_account.mystorageaccount",
            "azurerm_storage_share.sharedstorage",
            "random_id.randomId"
          ]
        }
      ]
    },
    {
      "mode": "managed",
      "type": "azurerm_storage_share_file",
      "name": "sparkling-wine-data",
      "provider": "provider[\"registry.terraform.io/hashicorp/azurerm\"]",
      "instances": [
        {
          "schema_version": 0,
          "attributes": {
            "content_disposition": "",
            "content_encoding": "",
            "content_length": 84915,
            "content_md5": "",
            "content_type": "application/octet-stream",
            "id": "https://storage2287d651.file.core.windows.net/sharedstorage//Sparkling.csv",
            "metadata": null,
            "name": "Sparkling.csv",
            "path": "",
            "source": "../airflow/source_data/Sparkling.csv",
            "storage_share_id": "https://storage2287d651.file.core.windows.net/sharedstorage",
            "timeouts": null
          },
          "sensitive_attributes": [],
          "private": "eyJlMmJmYjczMC1lY2FhLTExZTYtOGY4OC0zNDM2M2JjN2M0YzAiOnsiY3JlYXRlIjoxODAwMDAwMDAwMDAwLCJkZWxldGUiOjE4MDAwMDAwMDAwMDAsInJlYWQiOjMwMDAwMDAwMDAwMCwidXBkYXRlIjoxODAwMDAwMDAwMDAwfX0=",
          "dependencies": [
            "azurerm_resource_group.myterraformgroup",
            "azurerm_storage_account.mystorageaccount",
            "azurerm_storage_share.sharedstorage",
            "random_id.randomId"
          ]
        }
      ]
    },
    {
      "mode": "managed",
      "type": "azurerm_storage_share_file",
      "name": "transform-data-dag",
      "provider": "provider[\"registry.terraform.io/hashicorp/azurerm\"]",
      "instances": [
        {
          "schema_version": 0,
          "attributes": {
            "content_disposition": "",
            "content_encoding": "",
            "content_length": 5752,
            "content_md5": "",
            "content_type": "application/octet-stream",
            "id": "https://storage2287d651.file.core.windows.net/sharedstorage//transform_data_dag.py",
            "metadata": null,
            "name": "transform_data_dag.py",
            "path": "",
            "source": "../airflow/dags/transform_data_dag.py",
            "storage_share_id": "https://storage2287d651.file.core.windows.net/sharedstorage",
            "timeouts": null
          },
          "sensitive_attributes": [],
          "private": "eyJlMmJmYjczMC1lY2FhLTExZTYtOGY4OC0zNDM2M2JjN2M0YzAiOnsiY3JlYXRlIjoxODAwMDAwMDAwMDAwLCJkZWxldGUiOjE4MDAwMDAwMDAwMDAsInJlYWQiOjMwMDAwMDAwMDAwMCwidXBkYXRlIjoxODAwMDAwMDAwMDAwfX0=",
          "dependencies": [
            "azurerm_resource_group.myterraformgroup",
            "azurerm_storage_account.mystorageaccount",
            "azurerm_storage_share.sharedstorage",
            "random_id.randomId"
          ]
        }
      ]
    },
    {
      "mode": "managed",
      "type": "azurerm_storage_share_file",
      "name": "upload-files-dag",
      "provider": "provider[\"registry.terraform.io/hashicorp/azurerm\"]",
      "instances": [
        {
          "schema_version": 0,
          "attributes": {
            "content_disposition": "",
            "content_encoding": "",
            "content_length": 4688,
            "content_md5": "",
            "content_type": "application/octet-stream",
            "id": "https://storage2287d651.file.core.windows.net/sharedstorage//upload_files_dag.py",
            "metadata": null,
            "name": "upload_files_dag.py",
            "path": "",
            "source": "../airflow/dags/upload_files_dag.py",
            "storage_share_id": "https://storage2287d651.file.core.windows.net/sharedstorage",
            "timeouts": null
          },
          "sensitive_attributes": [],
          "private": "eyJlMmJmYjczMC1lY2FhLTExZTYtOGY4OC0zNDM2M2JjN2M0YzAiOnsiY3JlYXRlIjoxODAwMDAwMDAwMDAwLCJkZWxldGUiOjE4MDAwMDAwMDAwMDAsInJlYWQiOjMwMDAwMDAwMDAwMCwidXBkYXRlIjoxODAwMDAwMDAwMDAwfX0=",
          "dependencies": [
            "azurerm_resource_group.myterraformgroup",
            "azurerm_storage_account.mystorageaccount",
            "azurerm_storage_share.sharedstorage",
            "random_id.randomId"
          ]
        }
      ]
    },
    {
      "mode": "managed",
      "type": "azurerm_storage_share_file",
      "name": "white-wine-data",
      "provider": "provider[\"registry.terraform.io/hashicorp/azurerm\"]",
      "instances": [
        {
          "schema_version": 0,
          "attributes": {
            "content_disposition": "",
            "content_encoding": "",
            "content_length": 302537,
            "content_md5": "",
            "content_type": "application/octet-stream",
            "id": "https://storage2287d651.file.core.windows.net/sharedstorage//White.csv",
            "metadata": null,
            "name": "White.csv",
            "path": "",
            "source": "../airflow/source_data/White.csv",
            "storage_share_id": "https://storage2287d651.file.core.windows.net/sharedstorage",
            "timeouts": null
          },
          "sensitive_attributes": [],
          "private": "eyJlMmJmYjczMC1lY2FhLTExZTYtOGY4OC0zNDM2M2JjN2M0YzAiOnsiY3JlYXRlIjoxODAwMDAwMDAwMDAwLCJkZWxldGUiOjE4MDAwMDAwMDAwMDAsInJlYWQiOjMwMDAwMDAwMDAwMCwidXBkYXRlIjoxODAwMDAwMDAwMDAwfX0=",
          "dependencies": [
            "azurerm_resource_group.myterraformgroup",
            "azurerm_storage_account.mystorageaccount",
            "azurerm_storage_share.sharedstorage",
            "random_id.randomId"
          ]
        }
      ]
    },
    {
      "mode": "managed",
      "type": "azurerm_subnet",
      "name": "myterraformsubnet",
      "provider": "provider[\"registry.terraform.io/hashicorp/azurerm\"]",
      "instances": [
        {
          "schema_version": 0,
          "attributes": {
            "address_prefix": "10.0.1.0/24",
            "address_prefixes": [
              "10.0.1.0/24"
            ],
            "delegation": [],
            "enforce_private_link_endpoint_network_policies": false,
            "enforce_private_link_service_network_policies": false,
            "id": "/subscriptions/b7c745bf-b096-4f64-abd9-fe5377dd6ccb/resourceGroups/myResourceGroup/providers/Microsoft.Network/virtualNetworks/myVnet/subnets/mySubnet",
            "name": "mySubnet",
            "resource_group_name": "myResourceGroup",
            "service_endpoint_policy_ids": null,
            "service_endpoints": null,
            "timeouts": null,
            "virtual_network_name": "myVnet"
          },
          "sensitive_attributes": [],
          "private": "eyJlMmJmYjczMC1lY2FhLTExZTYtOGY4OC0zNDM2M2JjN2M0YzAiOnsiY3JlYXRlIjoxODAwMDAwMDAwMDAwLCJkZWxldGUiOjE4MDAwMDAwMDAwMDAsInJlYWQiOjMwMDAwMDAwMDAwMCwidXBkYXRlIjoxODAwMDAwMDAwMDAwfX0=",
          "dependencies": [
            "azurerm_resource_group.myterraformgroup",
            "azurerm_virtual_network.myterraformnetwork"
          ]
        }
      ]
    },
    {
      "mode": "managed",
      "type": "azurerm_virtual_network",
      "name": "myterraformnetwork",
      "provider": "provider[\"registry.terraform.io/hashicorp/azurerm\"]",
      "instances": [
        {
          "schema_version": 0,
          "attributes": {
            "address_space": [
              "10.0.0.0/16"
            ],
            "bgp_community": "",
            "ddos_protection_plan": [],
            "dns_servers": [],
            "flow_timeout_in_minutes": 0,
            "guid": "1bc5192e-6632-4837-acfc-bc032f1d92ab",
            "id": "/subscriptions/b7c745bf-b096-4f64-abd9-fe5377dd6ccb/resourceGroups/myResourceGroup/providers/Microsoft.Network/virtualNetworks/myVnet",
            "location": "centralus",
            "name": "myVnet",
            "resource_group_name": "myResourceGroup",
            "subnet": [],
            "tags": {
              "environment": "Data Engineering Project"
            },
            "timeouts": null,
            "vm_protection_enabled": false
          },
          "sensitive_attributes": [],
          "private": "eyJlMmJmYjczMC1lY2FhLTExZTYtOGY4OC0zNDM2M2JjN2M0YzAiOnsiY3JlYXRlIjoxODAwMDAwMDAwMDAwLCJkZWxldGUiOjE4MDAwMDAwMDAwMDAsInJlYWQiOjMwMDAwMDAwMDAwMCwidXBkYXRlIjoxODAwMDAwMDAwMDAwfX0=",
          "dependencies": [
            "azurerm_resource_group.myterraformgroup"
          ]
        }
      ]
    },
    {
      "mode": "managed",
      "type": "local_file",
      "name": "linuxkey",
      "provider": "provider[\"registry.terraform.io/hashicorp/local\"]",
      "instances": [
        {
          "schema_version": 0,
          "attributes": {
            "content": "-----BEGIN RSA PRIVATE KEY-----\nMIIJJwIBAAKCAgEAtjXZ8j7eSavbwKDrTkL7aRxgp5nuL7qU7InZ/ufPVOq6yChI\nbBROPaWzVO4JJZbpc6B91rdhIUOwOg8CvEa/NbnrfP5p6OOAOXTjJcXHIQPqlLoT\nZ/ZRhfPpIWls+tN7jhqIK3uj2yu/aLaLLS/Jqk5qEM3d43yfaFX1dvn3XdQ9iCee\nXnoEGeCZzW+0SFFhq9LD23kQtcHixOoHFs/vcUiwSuViIOrB+r7Mzj06Icx7BgzF\nAQaKk422tZPaOVdjMW/UEbN6MzDSrxvzafiZGA9DNw0Sae+xZ4z58trcMOe3n9o6\ndmOTdoCZLmhQq8gyUF5chLbUztk1AoLUMdinNnDwT/xfucFtMWbsMXOCnpSsAWT9\nRLIySa5wIaneXRz/F8nA7TmuHdjCFX243kxuz8ecnRd6BbtoZtXQaJxdIhlDK5vT\nqpJ/H0qPPtc/yriSrvKUa7nHsnfaJpyG2fqXU+k/+S1rOnTDwS224PJ5AFb1qqL4\nWbQMuQln7MljoPofKOHqvFmmJSEQ0L+XjjnOZw/6oydmDhB9g1aqnJ1lCK5q3c0n\nJL+YFWW2h6yT9EZyqEQis1WhDxLFtN0go8iHJTRxY4xuzEiSGFK3pe1aKRmeeG9T\nWEiQj74FvMxkiBdcTAhaBJQ4NQXXWwmZpIwwBKChXyYEy7NkRcXnF0J9ITcCAwEA\nAQKCAgBarmJRVUh7kbREIdH5mQxWO3E++DS6PDlxnwmG+wcMU+WxR5sDbvehZp3h\nXrXep0R37x+xhIIqc+14d4/885ilvGmeQ1+iL9bYwXtqiQuZOsG8Uv7ldokMCV+0\n6Sr7idSr3Dh4q4fYw+T20CJj0qyivXO7+Ti8xoDvBBitpameYMpewJjonAD+f/EL\ndNRcSWQ6hyJCT/Yo/t1E8tOkXsfjsTFLlO1JRIxVpi93VLFhsMppMGG7KO4+kQCl\nTXgFoaAUMntwc8oVP+8ahuaVjstiVfY1p6PKZSf9SQP8AUAkdq3EOG9wDA6Po2CY\n4AGF/JRNuyiARB2U9DSVk1bXl+NfNcmpjw2XNE1/brW2TWPRrkSgVg41UzZ/iZp2\nX9azOYR/IXp6h7jiZ75nfxyrJhQHSD5GY3FRPWsLgbxadnMcL7Ph5MXnArTBaz6+\nD7Ucr7ohPdRyd/pSX1YDJ6Z2VE3ql5QyJXc+ihFn2jHwaKH/hDnPzfaP13nmJteq\nyjVIVOfJ506nEd8M9D1qfWKPvNIQ9wrErrW0XJUlboJtqe2x/h+trf2QT4OaklCo\n96n4e4MoV4/ihogLIZPZpyItgXwTBC0C2Bj8MVRLLXbEGMBkHitX/WYcvEuBrQ9H\n9thEQcEyG5pc5hqO+rOyq9VqDlQ/TqhAElTztbmbFQCBUc7kQQKCAQEA1de4CngU\njrRbmQxBYl27rt/YOLDREVUf0ewLLXKvYb3yEgU4s5Aso8zowKa8c3f9Ljb3z2r2\n3aKKtuehRTfEerI2ufPgd6yoSgPZ93QthXi83LoAj2xZJ8hMlQmf+XcTJ6NDWhDj\nzKdcPspcst4wDo1J3eBZ6F4mfTqTi4uSRfxHv+6LtvR7II8DxHKo3zMv1LQxr+mZ\nXiLORIdkvCmW9VQZIIhCSjGrMBVlVWRAwLS8ajnaTjViTEVHjFWBDhYbGwcAW1r+\nonGqh4yVGQ9YA39CNaK5Zurn71CMK4L2E7u63n0QFMpinWTtDgEQlJC4Hiprm+wb\nBwKHtdyVKKBWSwKCAQEA2iG0Ed9OyFETHkUeMbdSplQtfA4SyweWvZtiMbjTN1UM\nDU4aWqN7h/YfYi3eQzajqR0x+7T6iCeeXAGcbpYOKpcY+26MD+3/cpJ6rMiw8N2o\njp5zWzvPKLJTnIr+ZM4hcW/tMcewgC0U6LGJABqXuMsuCUxCPoN0FoX/PzmNZjYa\nV7rmWW5sgOWF8S73EOANZ2NcW3ZnXfN2cHN+3M95quKPEaBXllWyL0McHydJPI+9\nTTFK4cnZSBxgCxCsBifKHO6CC3+E+zR8mTvhrUN+pxx2pLN+BdAeSkYCjeqWhO82\n1P88M6TpqYpfq4lWFqeLBuUY4UYql86tz4a49mI9RQKCAQBEff6do8550rzP7YP3\nvKwDnADGT6P3GDvD4gXGfcg81zj0mqWJpfEWWehm5EDR/ymhpsuCrPD7Fje108Ts\nxarx3aj3sGxCCJQyeL9Uqep2qLBdRlotlfeMbXRR/C44GfKRrJJDA8vi3ewG1IwS\nYmYkEw8IuPYzHgzX6W4esQqdzesxR3eKlw3k5MnBHzSFoQB98WVEwd50r1M/0dnr\nBqsqUtBlgh8xYm1BTmkRi7XNw1Xh9Du+9wxP/5SmFzDp0RzHcFul5yRN5XhISDft\nOePn4tfTFBasJys4lKUAvsaQlX2KC6ad8iDZ5tyisqab3yqJxu6Gl34kpaPQFSHV\nTF23AoIBAFn3SKOObJnmBnKXo0pyB96eHVxrGYkvihaNvcQwLL1HkH70VZ5Iiyya\ncHs329Hw+TNI3VKpZCM/4+qip3hc317ljuI0yAPR72e7zmjxJTlS0rBv3bglRN3O\nHvoTwbSl59k3hqbfa4aSEWufvZeTYDxRYJ1pHHFYGksn3Qygmhcr/VVtuo/sIUhQ\nYhwFeNU285BOxMrcXOm8/n6GxC4iTFYUt1lXvog8tA8WKMUYmPYnerYZvH6/l6RM\nP7iQmcK4Kn4gSPahE6HgFfvFXODvU49tB+oKNdID8lpD4c3SkV4mo4DZ/GR4gf7x\nGWBQdndFhuvDFa3kGLEgB0Pult7XydkCggEAAr/krzvxvJeDP9fCr8sCSQGmg0e3\nzVNGCMQXm/UYomlMAbz1V90c3dSqOcJz8/yZO+OAReXRUooEIGgNE0CEhakAsb2Q\nirpwTtQlFRhZyKPp6SDszDxSeUHMFTX65cAqTwMb4cEOBFB9/rbh7zv7CczPj0cN\nC5ZKGyF9hDabLsUv3HhTyjWDG9KUwOfIdTsoi0FcfOOpYey11Jt2WmVZ3Flhghbm\n0kkfR3vQ8ZntPIW8AizDQ1XidfQiqTswZ2UPqKq4A3qkkVz1ohm8phO23rnz01ms\nIyYAOEHYfVAod6jeJb502CpJF612mhbrKcclCv+ocyUcZelLut+c0zxzUg==\n-----END RSA PRIVATE KEY-----\n",
            "content_base64": null,
            "directory_permission": "0777",
            "file_permission": "0777",
            "filename": "C:/Users/leona/.ssh/linuxkey.pem",
            "id": "9837a6fde58299112d544ba5fdc9a6c32d555631",
            "sensitive_content": null,
            "source": null
          },
          "sensitive_attributes": [
            [
              {
                "type": "get_attr",
                "value": "content"
              }
            ]
          ],
          "private": "bnVsbA==",
          "dependencies": [
            "tls_private_key.linux_key"
          ]
        }
      ]
    },
    {
      "mode": "managed",
      "type": "random_id",
      "name": "randomId",
      "provider": "provider[\"registry.terraform.io/hashicorp/random\"]",
      "instances": [
        {
          "schema_version": 0,
          "attributes": {
            "b64_std": "IofWUQ==",
            "b64_url": "IofWUQ",
            "byte_length": 4,
            "dec": "579327569",
            "hex": "2287d651",
            "id": "IofWUQ",
            "keepers": {
              "resource_group": "myResourceGroup"
            },
            "prefix": null
          },
          "sensitive_attributes": [],
          "private": "bnVsbA==",
          "dependencies": [
            "azurerm_resource_group.myterraformgroup"
          ]
        }
      ]
    },
    {
      "mode": "managed",
      "type": "random_integer",
      "name": "ri",
      "provider": "provider[\"registry.terraform.io/hashicorp/random\"]",
      "instances": [
        {
          "schema_version": 0,
          "attributes": {
            "id": "55830",
            "keepers": null,
            "max": 99999,
            "min": 10000,
            "result": 55830,
            "seed": null
          },
          "sensitive_attributes": [],
          "private": "bnVsbA=="
        }
      ]
    },
    {
      "mode": "managed",
      "type": "tls_private_key",
      "name": "linux_key",
      "provider": "provider[\"registry.terraform.io/hashicorp/tls\"]",
      "instances": [
        {
          "schema_version": 0,
          "attributes": {
            "algorithm": "RSA",
            "ecdsa_curve": "P224",
            "id": "cf9101445672c2aec7d9b02aef4575da6b5905af",
            "private_key_pem": "-----BEGIN RSA PRIVATE KEY-----\nMIIJJwIBAAKCAgEAtjXZ8j7eSavbwKDrTkL7aRxgp5nuL7qU7InZ/ufPVOq6yChI\nbBROPaWzVO4JJZbpc6B91rdhIUOwOg8CvEa/NbnrfP5p6OOAOXTjJcXHIQPqlLoT\nZ/ZRhfPpIWls+tN7jhqIK3uj2yu/aLaLLS/Jqk5qEM3d43yfaFX1dvn3XdQ9iCee\nXnoEGeCZzW+0SFFhq9LD23kQtcHixOoHFs/vcUiwSuViIOrB+r7Mzj06Icx7BgzF\nAQaKk422tZPaOVdjMW/UEbN6MzDSrxvzafiZGA9DNw0Sae+xZ4z58trcMOe3n9o6\ndmOTdoCZLmhQq8gyUF5chLbUztk1AoLUMdinNnDwT/xfucFtMWbsMXOCnpSsAWT9\nRLIySa5wIaneXRz/F8nA7TmuHdjCFX243kxuz8ecnRd6BbtoZtXQaJxdIhlDK5vT\nqpJ/H0qPPtc/yriSrvKUa7nHsnfaJpyG2fqXU+k/+S1rOnTDwS224PJ5AFb1qqL4\nWbQMuQln7MljoPofKOHqvFmmJSEQ0L+XjjnOZw/6oydmDhB9g1aqnJ1lCK5q3c0n\nJL+YFWW2h6yT9EZyqEQis1WhDxLFtN0go8iHJTRxY4xuzEiSGFK3pe1aKRmeeG9T\nWEiQj74FvMxkiBdcTAhaBJQ4NQXXWwmZpIwwBKChXyYEy7NkRcXnF0J9ITcCAwEA\nAQKCAgBarmJRVUh7kbREIdH5mQxWO3E++DS6PDlxnwmG+wcMU+WxR5sDbvehZp3h\nXrXep0R37x+xhIIqc+14d4/885ilvGmeQ1+iL9bYwXtqiQuZOsG8Uv7ldokMCV+0\n6Sr7idSr3Dh4q4fYw+T20CJj0qyivXO7+Ti8xoDvBBitpameYMpewJjonAD+f/EL\ndNRcSWQ6hyJCT/Yo/t1E8tOkXsfjsTFLlO1JRIxVpi93VLFhsMppMGG7KO4+kQCl\nTXgFoaAUMntwc8oVP+8ahuaVjstiVfY1p6PKZSf9SQP8AUAkdq3EOG9wDA6Po2CY\n4AGF/JRNuyiARB2U9DSVk1bXl+NfNcmpjw2XNE1/brW2TWPRrkSgVg41UzZ/iZp2\nX9azOYR/IXp6h7jiZ75nfxyrJhQHSD5GY3FRPWsLgbxadnMcL7Ph5MXnArTBaz6+\nD7Ucr7ohPdRyd/pSX1YDJ6Z2VE3ql5QyJXc+ihFn2jHwaKH/hDnPzfaP13nmJteq\nyjVIVOfJ506nEd8M9D1qfWKPvNIQ9wrErrW0XJUlboJtqe2x/h+trf2QT4OaklCo\n96n4e4MoV4/ihogLIZPZpyItgXwTBC0C2Bj8MVRLLXbEGMBkHitX/WYcvEuBrQ9H\n9thEQcEyG5pc5hqO+rOyq9VqDlQ/TqhAElTztbmbFQCBUc7kQQKCAQEA1de4CngU\njrRbmQxBYl27rt/YOLDREVUf0ewLLXKvYb3yEgU4s5Aso8zowKa8c3f9Ljb3z2r2\n3aKKtuehRTfEerI2ufPgd6yoSgPZ93QthXi83LoAj2xZJ8hMlQmf+XcTJ6NDWhDj\nzKdcPspcst4wDo1J3eBZ6F4mfTqTi4uSRfxHv+6LtvR7II8DxHKo3zMv1LQxr+mZ\nXiLORIdkvCmW9VQZIIhCSjGrMBVlVWRAwLS8ajnaTjViTEVHjFWBDhYbGwcAW1r+\nonGqh4yVGQ9YA39CNaK5Zurn71CMK4L2E7u63n0QFMpinWTtDgEQlJC4Hiprm+wb\nBwKHtdyVKKBWSwKCAQEA2iG0Ed9OyFETHkUeMbdSplQtfA4SyweWvZtiMbjTN1UM\nDU4aWqN7h/YfYi3eQzajqR0x+7T6iCeeXAGcbpYOKpcY+26MD+3/cpJ6rMiw8N2o\njp5zWzvPKLJTnIr+ZM4hcW/tMcewgC0U6LGJABqXuMsuCUxCPoN0FoX/PzmNZjYa\nV7rmWW5sgOWF8S73EOANZ2NcW3ZnXfN2cHN+3M95quKPEaBXllWyL0McHydJPI+9\nTTFK4cnZSBxgCxCsBifKHO6CC3+E+zR8mTvhrUN+pxx2pLN+BdAeSkYCjeqWhO82\n1P88M6TpqYpfq4lWFqeLBuUY4UYql86tz4a49mI9RQKCAQBEff6do8550rzP7YP3\nvKwDnADGT6P3GDvD4gXGfcg81zj0mqWJpfEWWehm5EDR/ymhpsuCrPD7Fje108Ts\nxarx3aj3sGxCCJQyeL9Uqep2qLBdRlotlfeMbXRR/C44GfKRrJJDA8vi3ewG1IwS\nYmYkEw8IuPYzHgzX6W4esQqdzesxR3eKlw3k5MnBHzSFoQB98WVEwd50r1M/0dnr\nBqsqUtBlgh8xYm1BTmkRi7XNw1Xh9Du+9wxP/5SmFzDp0RzHcFul5yRN5XhISDft\nOePn4tfTFBasJys4lKUAvsaQlX2KC6ad8iDZ5tyisqab3yqJxu6Gl34kpaPQFSHV\nTF23AoIBAFn3SKOObJnmBnKXo0pyB96eHVxrGYkvihaNvcQwLL1HkH70VZ5Iiyya\ncHs329Hw+TNI3VKpZCM/4+qip3hc317ljuI0yAPR72e7zmjxJTlS0rBv3bglRN3O\nHvoTwbSl59k3hqbfa4aSEWufvZeTYDxRYJ1pHHFYGksn3Qygmhcr/VVtuo/sIUhQ\nYhwFeNU285BOxMrcXOm8/n6GxC4iTFYUt1lXvog8tA8WKMUYmPYnerYZvH6/l6RM\nP7iQmcK4Kn4gSPahE6HgFfvFXODvU49tB+oKNdID8lpD4c3SkV4mo4DZ/GR4gf7x\nGWBQdndFhuvDFa3kGLEgB0Pult7XydkCggEAAr/krzvxvJeDP9fCr8sCSQGmg0e3\nzVNGCMQXm/UYomlMAbz1V90c3dSqOcJz8/yZO+OAReXRUooEIGgNE0CEhakAsb2Q\nirpwTtQlFRhZyKPp6SDszDxSeUHMFTX65cAqTwMb4cEOBFB9/rbh7zv7CczPj0cN\nC5ZKGyF9hDabLsUv3HhTyjWDG9KUwOfIdTsoi0FcfOOpYey11Jt2WmVZ3Flhghbm\n0kkfR3vQ8ZntPIW8AizDQ1XidfQiqTswZ2UPqKq4A3qkkVz1ohm8phO23rnz01ms\nIyYAOEHYfVAod6jeJb502CpJF612mhbrKcclCv+ocyUcZelLut+c0zxzUg==\n-----END RSA PRIVATE KEY-----\n",
            "public_key_fingerprint_md5": "ce:fd:df:22:1e:99:02:a2:73:88:1d:5a:c2:77:8d:3a",
            "public_key_openssh": "ssh-rsa AAAAB3NzaC1yc2EAAAADAQABAAACAQC2NdnyPt5Jq9vAoOtOQvtpHGCnme4vupTsidn+589U6rrIKEhsFE49pbNU7gkllulzoH3Wt2EhQ7A6DwK8Rr81uet8/mno44A5dOMlxcchA+qUuhNn9lGF8+khaWz603uOGogre6PbK79otostL8mqTmoQzd3jfJ9oVfV2+fdd1D2IJ55eegQZ4JnNb7RIUWGr0sPbeRC1weLE6gcWz+9xSLBK5WIg6sH6vszOPTohzHsGDMUBBoqTjba1k9o5V2Mxb9QRs3ozMNKvG/Np+JkYD0M3DRJp77FnjPny2tww57ef2jp2Y5N2gJkuaFCryDJQXlyEttTO2TUCgtQx2Kc2cPBP/F+5wW0xZuwxc4KelKwBZP1EsjJJrnAhqd5dHP8XycDtOa4d2MIVfbjeTG7Px5ydF3oFu2hm1dBonF0iGUMrm9Oqkn8fSo8+1z/KuJKu8pRruceyd9omnIbZ+pdT6T/5LWs6dMPBLbbg8nkAVvWqovhZtAy5CWfsyWOg+h8o4eq8WaYlIRDQv5eOOc5nD/qjJ2YOEH2DVqqcnWUIrmrdzSckv5gVZbaHrJP0RnKoRCKzVaEPEsW03SCjyIclNHFjjG7MSJIYUrel7VopGZ54b1NYSJCPvgW8zGSIF1xMCFoElDg1BddbCZmkjDAEoKFfJgTLs2RFxecXQn0hNw==\n",
            "public_key_pem": "-----BEGIN PUBLIC KEY-----\nMIICIjANBgkqhkiG9w0BAQEFAAOCAg8AMIICCgKCAgEAtjXZ8j7eSavbwKDrTkL7\naRxgp5nuL7qU7InZ/ufPVOq6yChIbBROPaWzVO4JJZbpc6B91rdhIUOwOg8CvEa/\nNbnrfP5p6OOAOXTjJcXHIQPqlLoTZ/ZRhfPpIWls+tN7jhqIK3uj2yu/aLaLLS/J\nqk5qEM3d43yfaFX1dvn3XdQ9iCeeXnoEGeCZzW+0SFFhq9LD23kQtcHixOoHFs/v\ncUiwSuViIOrB+r7Mzj06Icx7BgzFAQaKk422tZPaOVdjMW/UEbN6MzDSrxvzafiZ\nGA9DNw0Sae+xZ4z58trcMOe3n9o6dmOTdoCZLmhQq8gyUF5chLbUztk1AoLUMdin\nNnDwT/xfucFtMWbsMXOCnpSsAWT9RLIySa5wIaneXRz/F8nA7TmuHdjCFX243kxu\nz8ecnRd6BbtoZtXQaJxdIhlDK5vTqpJ/H0qPPtc/yriSrvKUa7nHsnfaJpyG2fqX\nU+k/+S1rOnTDwS224PJ5AFb1qqL4WbQMuQln7MljoPofKOHqvFmmJSEQ0L+XjjnO\nZw/6oydmDhB9g1aqnJ1lCK5q3c0nJL+YFWW2h6yT9EZyqEQis1WhDxLFtN0go8iH\nJTRxY4xuzEiSGFK3pe1aKRmeeG9TWEiQj74FvMxkiBdcTAhaBJQ4NQXXWwmZpIww\nBKChXyYEy7NkRcXnF0J9ITcCAwEAAQ==\n-----END PUBLIC KEY-----\n",
            "rsa_bits": 4096
          },
          "sensitive_attributes": [],
          "private": "bnVsbA=="
        }
      ]
    }
  ]
}
